<?xml version="1.0" encoding="UTF-8"?>
<Scheme
   LastUpgradeVersion = "1140"
   version = "1.7">
   <BuildAction
      parallelizeBuildables = "YES"
      buildImplicitDependencies = "YES">
      <PreActions>
         <ExecutionAction
            ActionType = "Xcode.IDEStandardExecutionActionsCore.ExecutionActionType.ShellScriptAction">
            <ActionContent
               title = "Run Script"
               scriptText = "# Type a script or drag a script file from your workspace to insert its path.&#10;cd ${SRCROOT}&#10;&#10;TARGET=&quot;TRTC&quot;&#10;&#10;if [[ ! -e &quot;../SDK/TXLiteAVSDK_${TARGET}.framework&quot; || ! -e &quot;./Pods&quot; ]]; then&#10;  #URL=&quot;$(cat ../SDK/README.md | grep -o &apos;http.*zip&apos;)&quot;&#10;  URL=&quot;https://liteavsdk-1252463788.cos.ap-guangzhou.myqcloud.com/TXLiteAVSDK_${TARGET}_iOS_latest.zip&quot;&#10;  echo &quot;Downloading SDK from $URL&quot;&#10;  curl &quot;$URL&quot; --output ../SDK/TXLiteAVSDK_${TARGET}_iOS.zip&#10;  pushd ../SDK&#10;  unzip TXLiteAVSDK_${TARGET}_iOS.zip&#10;  rm -rf __MACOSX&#10;  if [ ! -e &quot;./TXLiteAVSDK_${TARGET}.framework&quot; ]; then&#10;    mv LiteAVSDK_${TARGET}_*/SDK/*.framework .&#10;  fi&#10;  popd&#10;  if [ ! -e &quot;./Pods&quot; ]; then&#10;    mv ../SDK/LiteAVSDK_${TARGET}_*/TRTCScenesDemo/Pods ./&#10;    xcodebuild -project ./Pods/Pods.xcodeproj -configuration $(CONFIGURATION)&#10;  fi&#10;  rm -rf ../SDK/TXLiteAVSDK_${TARGET}_*.zip&#10;  rm -rf ../SDK/LiteAVSDK_${TARGET}_iOS_*&#10;fi&#10;">
               <EnvironmentBuildable>
                  <BuildableReference
                     BuildableIdentifier = "primary"
                     BlueprintIdentifier = "40B3F65B2446E518000C37A3"
                     BuildableName = "TXLiteAVDemo_TRTC.app"
                     BlueprintName = "TXLiteAVDemo_TRTC"
                     ReferencedContainer = "container:TXLiteAVDemo.xcodeproj">
                  </BuildableReference>
               </EnvironmentBuildable>
            </ActionContent>
         </ExecutionAction>
      </PreActions>
      <BuildActionEntries>
         <BuildActionEntry
            buildForTesting = "YES"
            buildForRunning = "YES"
            buildForProfiling = "YES"
            buildForArchiving = "YES"
            buildForAnalyzing = "YES">
            <BuildableReference
               BuildableIdentifier = "primary"
               BlueprintIdentifier = "40B3F65B2446E518000C37A3"
               BuildableName = "TXLiteAVDemo_TRTC.app"
               BlueprintName = "TXLiteAVDemo_TRTC"
               ReferencedContainer = "container:TXLiteAVDemo.xcodeproj">
            </BuildableReference>
         </BuildActionEntry>
      </BuildActionEntries>
   </BuildAction>
   <TestAction
      buildConfiguration = "Debug"
      selectedDebuggerIdentifier = "Xcode.DebuggerFoundation.Debugger.LLDB"
      selectedLauncherIdentifier = "Xcode.DebuggerFoundation.Launcher.LLDB"
      shouldUseLaunchSchemeArgsEnv = "YES">
      <Testables>
      </Testables>
   </TestAction>
   <LaunchAction
      buildConfiguration = "Debug"
      selectedDebuggerIdentifier = "Xcode.DebuggerFoundation.Debugger.LLDB"
      selectedLauncherIdentifier = "Xcode.DebuggerFoundation.Launcher.LLDB"
      launchStyle = "0"
      useCustomWorkingDirectory = "NO"
      ignoresPersistentStateOnLaunch = "NO"
      debugDocumentVersioning = "YES"
      debugServiceExtension = "internal"
      enableGPUValidationMode = "1"
      allowLocationSimulation = "YES">
      <BuildableProductRunnable
         runnableDebuggingMode = "0">
         <BuildableReference
            BuildableIdentifier = "primary"
            BlueprintIdentifier = "40B3F65B2446E518000C37A3"
            BuildableName = "TXLiteAVDemo_TRTC.app"
            BlueprintName = "TXLiteAVDemo_TRTC"
            ReferencedContainer = "container:TXLiteAVDemo.xcodeproj">
         </BuildableReference>
      </BuildableProductRunnable>
   </LaunchAction>
   <ProfileAction
      buildConfiguration = "Release"
      shouldUseLaunchSchemeArgsEnv = "YES"
      savedToolIdentifier = ""
      useCustomWorkingDirectory = "NO"
      debugDocumentVersioning = "YES">
      <BuildableProductRunnable
         runnableDebuggingMode = "0">
         <BuildableReference
            BuildableIdentifier = "primary"
            BlueprintIdentifier = "40B3F65B2446E518000C37A3"
            BuildableName = "TXLiteAVDemo_TRTC.app"
            BlueprintName = "TXLiteAVDemo_TRTC"
            ReferencedContainer = "container:TXLiteAVDemo.xcodeproj">
         </BuildableReference>
      </BuildableProductRunnable>
   </ProfileAction>
   <AnalyzeAction
      buildConfiguration = "Debug">
   </AnalyzeAction>
   <ArchiveAction
      buildConfiguration = "Release"
      revealArchiveInOrganizer = "YES">
   </ArchiveAction>
</Scheme>
