// !$*UTF8*$!
{
	archiveVersion = 1;
	classes = {
	};
	objectVersion = 50;
	objects = {

/* Begin PBXBuildFile section */
		280690A22490BE6D00FAAE90 /* ScreenEntranceViewController.swift in Sources */ = {isa = PBXBuildFile; fileRef = 280690A02490BE6D00FAAE90 /* ScreenEntranceViewController.swift */; };
		280690A32490BE6D00FAAE90 /* ScreenViewController.swift in Sources */ = {isa = PBXBuildFile; fileRef = 280690A12490BE6D00FAAE90 /* ScreenViewController.swift */; };
		28C0A3FC249101F000E50613 /* TRTCBroadcastExtensionLauncher.swift in Sources */ = {isa = PBXBuildFile; fileRef = 28C0A3FB249101F000E50613 /* TRTCBroadcastExtensionLauncher.swift */; };
		4533717B2491F24400E18040 /* ReplayKit.framework in Frameworks */ = {isa = PBXBuildFile; fileRef = 280690A92490C04D00FAAE90 /* ReplayKit.framework */; };
		4533717E2491F24400E18040 /* SampleHandler.swift in Sources */ = {isa = PBXBuildFile; fileRef = 4533717D2491F24400E18040 /* SampleHandler.swift */; };
		453371822491F24400E18040 /* TXReplayKit_Screen.appex in Embed App Extensions */ = {isa = PBXBuildFile; fileRef = 4533717A2491F24400E18040 /* TXReplayKit_Screen.appex */; settings = {ATTRIBUTES = (RemoveHeadersOnCopy, ); }; };
		453371862491F35100E18040 /* TXLiteAVSDK_ReplayKitExt.framework in Frameworks */ = {isa = PBXBuildFile; fileRef = 28C0A3D42490CAB000E50613 /* TXLiteAVSDK_ReplayKitExt.framework */; };
		7B8256BF24C6CA1F00C6282D /* QBImagePicker.strings in Resources */ = {isa = PBXBuildFile; fileRef = 7B8256A424C6CA1F00C6282D /* QBImagePicker.strings */; };
		7B8256C024C6CA1F00C6282D /* QBVideoIconView.m in Sources */ = {isa = PBXBuildFile; fileRef = 7B8256AB24C6CA1F00C6282D /* QBVideoIconView.m */; };
		7B8256C124C6CA1F00C6282D /* QBVideoIndicatorView.m in Sources */ = {isa = PBXBuildFile; fileRef = 7B8256AC24C6CA1F00C6282D /* QBVideoIndicatorView.m */; };
		7B8256C224C6CA1F00C6282D /* QBAlbumCell.m in Sources */ = {isa = PBXBuildFile; fileRef = 7B8256B324C6CA1F00C6282D /* QBAlbumCell.m */; };
		7B8256C324C6CA1F00C6282D /* QBImagePicker.storyboard in Resources */ = {isa = PBXBuildFile; fileRef = 7B8256B424C6CA1F00C6282D /* QBImagePicker.storyboard */; };
		7B8256C424C6CA1F00C6282D /* QBAlbumsViewController.m in Sources */ = {isa = PBXBuildFile; fileRef = 7B8256B624C6CA1F00C6282D /* QBAlbumsViewController.m */; };
		7B8256C524C6CA1F00C6282D /* QBAssetsViewController.m in Sources */ = {isa = PBXBuildFile; fileRef = 7B8256B824C6CA1F00C6282D /* QBAssetsViewController.m */; };
		7B8256C624C6CA1F00C6282D /* QBImagePickerController.m in Sources */ = {isa = PBXBuildFile; fileRef = 7B8256B924C6CA1F00C6282D /* QBImagePickerController.m */; };
		7B8256C724C6CA1F00C6282D /* QBCheckmarkView.m in Sources */ = {isa = PBXBuildFile; fileRef = 7B8256BB24C6CA1F00C6282D /* QBCheckmarkView.m */; };
		7B8256C824C6CA1F00C6282D /* QBSlomoIconView.m in Sources */ = {isa = PBXBuildFile; fileRef = 7B8256BD24C6CA1F00C6282D /* QBSlomoIconView.m */; };
		7B8256C924C6CA1F00C6282D /* QBAssetCell.m in Sources */ = {isa = PBXBuildFile; fileRef = 7B8256BE24C6CA1F00C6282D /* QBAssetCell.m */; };
		7B85656E24C816FF004D4553 /* TCMediaFileReader.m in Sources */ = {isa = PBXBuildFile; fileRef = 7B85656824C816FF004D4553 /* TCMediaFileReader.m */; };
		7B85656F24C816FF004D4553 /* TestRenderVideoFrame.m in Sources */ = {isa = PBXBuildFile; fileRef = 7B85656924C816FF004D4553 /* TestRenderVideoFrame.m */; };
		7B85657024C816FF004D4553 /* TestSendCustomVideoData.m in Sources */ = {isa = PBXBuildFile; fileRef = 7B85656C24C816FF004D4553 /* TestSendCustomVideoData.m */; };
		7B85657424C8170E004D4553 /* CustomCapture.storyboard in Resources */ = {isa = PBXBuildFile; fileRef = 7B85657124C8170E004D4553 /* CustomCapture.storyboard */; };
		7B85657524C8170E004D4553 /* CustomEntranceViewController.swift in Sources */ = {isa = PBXBuildFile; fileRef = 7B85657224C8170E004D4553 /* CustomEntranceViewController.swift */; };
		7B85657624C8170E004D4553 /* CustomCaptureViewController.swift in Sources */ = {isa = PBXBuildFile; fileRef = 7B85657324C8170E004D4553 /* CustomCaptureViewController.swift */; };
		812E148E241257D200642B19 /* Assets.xcassets in Resources */ = {isa = PBXBuildFile; fileRef = 812E1481241257D200642B19 /* Assets.xcassets */; };
		812E148F241257D200642B19 /* LaunchScreen.storyboard in Resources */ = {isa = PBXBuildFile; fileRef = 812E1482241257D200642B19 /* LaunchScreen.storyboard */; };
		812E1490241257D200642B19 /* AppDelegate.swift in Sources */ = {isa = PBXBuildFile; fileRef = 812E1484241257D200642B19 /* AppDelegate.swift */; };
		812E1495241257D200642B19 /* Main.storyboard in Resources */ = {isa = PBXBuildFile; fileRef = 812E148B241257D200642B19 /* Main.storyboard */; };
		812E14972412585600642B19 /* MainViewController.swift in Sources */ = {isa = PBXBuildFile; fileRef = 812E14962412585600642B19 /* MainViewController.swift */; };
		812E14992412589100642B19 /* RTCViewController.swift in Sources */ = {isa = PBXBuildFile; fileRef = 812E14982412589100642B19 /* RTCViewController.swift */; };
		812E149B241258AA00642B19 /* RTC.storyboard in Resources */ = {isa = PBXBuildFile; fileRef = 812E149A241258AA00642B19 /* RTC.storyboard */; };
		812E14A424125B6000642B19 /* LiveViewController.swift in Sources */ = {isa = PBXBuildFile; fileRef = 812E14A324125B6000642B19 /* LiveViewController.swift */; };
		812E14A62412601E00642B19 /* Live.storyboard in Resources */ = {isa = PBXBuildFile; fileRef = 812E14A52412601E00642B19 /* Live.storyboard */; };
		817262A82416C68400265751 /* LivePushViewController.swift in Sources */ = {isa = PBXBuildFile; fileRef = 817262A72416C68400265751 /* LivePushViewController.swift */; };
		81E3C986241820EA00366606 /* LiveSubVideoView.swift in Sources */ = {isa = PBXBuildFile; fileRef = 81E3C985241820EA00366606 /* LiveSubVideoView.swift */; };
		8AB4CC75885C25710FA89DD4 /* libPods-TRTCSimpleDemo.a in Frameworks */ = {isa = PBXBuildFile; fileRef = EF34C418731E393A9863343E /* libPods-TRTCSimpleDemo.a */; };
		C61744B926E8A43500FD00B1 /* Accelerate.framework in Frameworks */ = {isa = PBXBuildFile; fileRef = FD96E07D248DF98800294D1F /* Accelerate.framework */; };
		C61744BA26E8A43E00FD00B1 /* libc++.tbd in Frameworks */ = {isa = PBXBuildFile; fileRef = FDCEFF4C241BBDEB000BFA0B /* libc++.tbd */; };
		FD28D3F124162E2B0080B8A0 /* RTCEntranceViewController.swift in Sources */ = {isa = PBXBuildFile; fileRef = FD28D3F024162E2B0080B8A0 /* RTCEntranceViewController.swift */; };
		FD3B3A192423B5B8001720A3 /* GenerateTestUserSig.m in Sources */ = {isa = PBXBuildFile; fileRef = FD3B3A172423B5B8001720A3 /* GenerateTestUserSig.m */; };
		FD96E07E248DF98800294D1F /* Accelerate.framework in Frameworks */ = {isa = PBXBuildFile; fileRef = FD96E07D248DF98800294D1F /* Accelerate.framework */; };
		FDB94D0C2417BC6000C2AC28 /* LivePlayViewController.swift in Sources */ = {isa = PBXBuildFile; fileRef = FDB94D0B2417BC6000C2AC28 /* LivePlayViewController.swift */; };
		FDCEFF4B241BBDD6000BFA0B /* TXLiteAVSDK_TRTC.framework in Frameworks */ = {isa = PBXBuildFile; fileRef = FDCEFF4A241BBDD6000BFA0B /* TXLiteAVSDK_TRTC.framework */; };
		FDCEFF4D241BBDEB000BFA0B /* libc++.tbd in Frameworks */ = {isa = PBXBuildFile; fileRef = FDCEFF4C241BBDEB000BFA0B /* libc++.tbd */; };
		FDCEFF4F241BBDF1000BFA0B /* libiconv.tbd in Frameworks */ = {isa = PBXBuildFile; fileRef = FDCEFF4E241BBDF1000BFA0B /* libiconv.tbd */; };
		FDD9E0302440840900FD5B5A /* libresolv.tbd in Frameworks */ = {isa = PBXBuildFile; fileRef = FDD9E02F2440840900FD5B5A /* libresolv.tbd */; };
		FDF543BF241A0A2700F21B2A /* LiveRoomManager.swift in Sources */ = {isa = PBXBuildFile; fileRef = FDF543BE241A0A2700F21B2A /* LiveRoomManager.swift */; };
/* End PBXBuildFile section */

/* Begin PBXContainerItemProxy section */
		453371802491F24400E18040 /* PBXContainerItemProxy */ = {
			isa = PBXContainerItemProxy;
			containerPortal = 812E14262412403400642B19 /* Project object */;
			proxyType = 1;
			remoteGlobalIDString = 453371792491F24400E18040;
			remoteInfo = TXReplayKit_SimpleDemo;
		};
/* End PBXContainerItemProxy section */

/* Begin PBXCopyFilesBuildPhase section */
		280690B52490C04D00FAAE90 /* Embed App Extensions */ = {
			isa = PBXCopyFilesBuildPhase;
			buildActionMask = 2147483647;
			dstPath = "";
			dstSubfolderSpec = 13;
			files = (
				453371822491F24400E18040 /* TXReplayKit_Screen.appex in Embed App Extensions */,
			);
			name = "Embed App Extensions";
			runOnlyForDeploymentPostprocessing = 0;
		};
		28C0A3D32490C61F00E50613 /* Embed Frameworks */ = {
			isa = PBXCopyFilesBuildPhase;
			buildActionMask = 2147483647;
			dstPath = "";
			dstSubfolderSpec = 10;
			files = (
			);
			name = "Embed Frameworks";
			runOnlyForDeploymentPostprocessing = 0;
		};
/* End PBXCopyFilesBuildPhase section */

/* Begin PBXFileReference section */
		280690A02490BE6D00FAAE90 /* ScreenEntranceViewController.swift */ = {isa = PBXFileReference; fileEncoding = 4; lastKnownFileType = sourcecode.swift; path = ScreenEntranceViewController.swift; sourceTree = "<group>"; };
		280690A12490BE6D00FAAE90 /* ScreenViewController.swift */ = {isa = PBXFileReference; fileEncoding = 4; lastKnownFileType = sourcecode.swift; path = ScreenViewController.swift; sourceTree = "<group>"; };
		280690A92490C04D00FAAE90 /* ReplayKit.framework */ = {isa = PBXFileReference; lastKnownFileType = wrapper.framework; name = ReplayKit.framework; path = System/Library/Frameworks/ReplayKit.framework; sourceTree = SDKROOT; };
		280690B82490C1AE00FAAE90 /* SimpleDemo.entitlements */ = {isa = PBXFileReference; lastKnownFileType = text.plist.entitlements; path = SimpleDemo.entitlements; sourceTree = "<group>"; };
		28C0A3D42490CAB000E50613 /* TXLiteAVSDK_ReplayKitExt.framework */ = {isa = PBXFileReference; lastKnownFileType = wrapper.framework; name = TXLiteAVSDK_ReplayKitExt.framework; path = ../SDK/TXLiteAVSDK_ReplayKitExt.framework; sourceTree = "<group>"; };
		28C0A3FB249101F000E50613 /* TRTCBroadcastExtensionLauncher.swift */ = {isa = PBXFileReference; lastKnownFileType = sourcecode.swift; path = TRTCBroadcastExtensionLauncher.swift; sourceTree = "<group>"; };
		4533717A2491F24400E18040 /* TXReplayKit_Screen.appex */ = {isa = PBXFileReference; explicitFileType = "wrapper.app-extension"; includeInIndex = 0; path = TXReplayKit_Screen.appex; sourceTree = BUILT_PRODUCTS_DIR; };
		4533717D2491F24400E18040 /* SampleHandler.swift */ = {isa = PBXFileReference; lastKnownFileType = sourcecode.swift; path = SampleHandler.swift; sourceTree = "<group>"; };
		4533717F2491F24400E18040 /* Info.plist */ = {isa = PBXFileReference; lastKnownFileType = text.plist.xml; path = Info.plist; sourceTree = "<group>"; };
		4533718724920C3C00E18040 /* TXReplayKit_Screen.entitlements */ = {isa = PBXFileReference; lastKnownFileType = text.plist.entitlements; path = TXReplayKit_Screen.entitlements; sourceTree = "<group>"; };
		7B8256A524C6CA1F00C6282D /* de */ = {isa = PBXFileReference; lastKnownFileType = text.plist.strings; name = de; path = de.lproj/QBImagePicker.strings; sourceTree = "<group>"; };
		7B8256A624C6CA1F00C6282D /* QBImagePickerController.h */ = {isa = PBXFileReference; fileEncoding = 4; lastKnownFileType = sourcecode.c.h; path = QBImagePickerController.h; sourceTree = "<group>"; };
		7B8256A724C6CA1F00C6282D /* zh-Hans */ = {isa = PBXFileReference; lastKnownFileType = text.plist.strings; name = "zh-Hans"; path = "zh-Hans.lproj/QBImagePicker.strings"; sourceTree = "<group>"; };
		7B8256A824C6CA1F00C6282D /* ja */ = {isa = PBXFileReference; lastKnownFileType = text.plist.strings; name = ja; path = ja.lproj/QBImagePicker.strings; sourceTree = "<group>"; };
		7B8256A924C6CA1F00C6282D /* QBAssetsViewController.h */ = {isa = PBXFileReference; fileEncoding = 4; lastKnownFileType = sourcecode.c.h; path = QBAssetsViewController.h; sourceTree = "<group>"; };
		7B8256AA24C6CA1F00C6282D /* QBAlbumsViewController.h */ = {isa = PBXFileReference; fileEncoding = 4; lastKnownFileType = sourcecode.c.h; path = QBAlbumsViewController.h; sourceTree = "<group>"; };
		7B8256AB24C6CA1F00C6282D /* QBVideoIconView.m */ = {isa = PBXFileReference; fileEncoding = 4; lastKnownFileType = sourcecode.c.objc; path = QBVideoIconView.m; sourceTree = "<group>"; };
		7B8256AC24C6CA1F00C6282D /* QBVideoIndicatorView.m */ = {isa = PBXFileReference; fileEncoding = 4; lastKnownFileType = sourcecode.c.objc; path = QBVideoIndicatorView.m; sourceTree = "<group>"; };
		7B8256AD24C6CA1F00C6282D /* en */ = {isa = PBXFileReference; lastKnownFileType = text.plist.strings; name = en; path = en.lproj/QBImagePicker.strings; sourceTree = "<group>"; };
		7B8256AE24C6CA1F00C6282D /* es */ = {isa = PBXFileReference; lastKnownFileType = text.plist.strings; name = es; path = es.lproj/QBImagePicker.strings; sourceTree = "<group>"; };
		7B8256AF24C6CA1F00C6282D /* QBCheckmarkView.h */ = {isa = PBXFileReference; fileEncoding = 4; lastKnownFileType = sourcecode.c.h; path = QBCheckmarkView.h; sourceTree = "<group>"; };
		7B8256B024C6CA1F00C6282D /* QBImagePicker.h */ = {isa = PBXFileReference; fileEncoding = 4; lastKnownFileType = sourcecode.c.h; path = QBImagePicker.h; sourceTree = "<group>"; };
		7B8256B124C6CA1F00C6282D /* QBAssetCell.h */ = {isa = PBXFileReference; fileEncoding = 4; lastKnownFileType = sourcecode.c.h; path = QBAssetCell.h; sourceTree = "<group>"; };
		7B8256B224C6CA1F00C6282D /* QBSlomoIconView.h */ = {isa = PBXFileReference; fileEncoding = 4; lastKnownFileType = sourcecode.c.h; path = QBSlomoIconView.h; sourceTree = "<group>"; };
		7B8256B324C6CA1F00C6282D /* QBAlbumCell.m */ = {isa = PBXFileReference; fileEncoding = 4; lastKnownFileType = sourcecode.c.objc; path = QBAlbumCell.m; sourceTree = "<group>"; };
		7B8256B424C6CA1F00C6282D /* QBImagePicker.storyboard */ = {isa = PBXFileReference; fileEncoding = 4; lastKnownFileType = file.storyboard; path = QBImagePicker.storyboard; sourceTree = "<group>"; };
		7B8256B524C6CA1F00C6282D /* QBVideoIndicatorView.h */ = {isa = PBXFileReference; fileEncoding = 4; lastKnownFileType = sourcecode.c.h; path = QBVideoIndicatorView.h; sourceTree = "<group>"; };
		7B8256B624C6CA1F00C6282D /* QBAlbumsViewController.m */ = {isa = PBXFileReference; fileEncoding = 4; lastKnownFileType = sourcecode.c.objc; path = QBAlbumsViewController.m; sourceTree = "<group>"; };
		7B8256B724C6CA1F00C6282D /* QBVideoIconView.h */ = {isa = PBXFileReference; fileEncoding = 4; lastKnownFileType = sourcecode.c.h; path = QBVideoIconView.h; sourceTree = "<group>"; };
		7B8256B824C6CA1F00C6282D /* QBAssetsViewController.m */ = {isa = PBXFileReference; fileEncoding = 4; lastKnownFileType = sourcecode.c.objc; path = QBAssetsViewController.m; sourceTree = "<group>"; };
		7B8256B924C6CA1F00C6282D /* QBImagePickerController.m */ = {isa = PBXFileReference; fileEncoding = 4; lastKnownFileType = sourcecode.c.objc; path = QBImagePickerController.m; sourceTree = "<group>"; };
		7B8256BA24C6CA1F00C6282D /* pl */ = {isa = PBXFileReference; lastKnownFileType = text.plist.strings; name = pl; path = pl.lproj/QBImagePicker.strings; sourceTree = "<group>"; };
		7B8256BB24C6CA1F00C6282D /* QBCheckmarkView.m */ = {isa = PBXFileReference; fileEncoding = 4; lastKnownFileType = sourcecode.c.objc; path = QBCheckmarkView.m; sourceTree = "<group>"; };
		7B8256BC24C6CA1F00C6282D /* QBAlbumCell.h */ = {isa = PBXFileReference; fileEncoding = 4; lastKnownFileType = sourcecode.c.h; path = QBAlbumCell.h; sourceTree = "<group>"; };
		7B8256BD24C6CA1F00C6282D /* QBSlomoIconView.m */ = {isa = PBXFileReference; fileEncoding = 4; lastKnownFileType = sourcecode.c.objc; path = QBSlomoIconView.m; sourceTree = "<group>"; };
		7B8256BE24C6CA1F00C6282D /* QBAssetCell.m */ = {isa = PBXFileReference; fileEncoding = 4; lastKnownFileType = sourcecode.c.objc; path = QBAssetCell.m; sourceTree = "<group>"; };
		7B85656824C816FF004D4553 /* TCMediaFileReader.m */ = {isa = PBXFileReference; fileEncoding = 4; lastKnownFileType = sourcecode.c.objc; path = TCMediaFileReader.m; sourceTree = "<group>"; };
		7B85656924C816FF004D4553 /* TestRenderVideoFrame.m */ = {isa = PBXFileReference; fileEncoding = 4; lastKnownFileType = sourcecode.c.objc; path = TestRenderVideoFrame.m; sourceTree = "<group>"; };
		7B85656A24C816FF004D4553 /* TestSendCustomVideoData.h */ = {isa = PBXFileReference; fileEncoding = 4; lastKnownFileType = sourcecode.c.h; path = TestSendCustomVideoData.h; sourceTree = "<group>"; };
		7B85656B24C816FF004D4553 /* TCMediaFileReader.h */ = {isa = PBXFileReference; fileEncoding = 4; lastKnownFileType = sourcecode.c.h; path = TCMediaFileReader.h; sourceTree = "<group>"; };
		7B85656C24C816FF004D4553 /* TestSendCustomVideoData.m */ = {isa = PBXFileReference; fileEncoding = 4; lastKnownFileType = sourcecode.c.objc; path = TestSendCustomVideoData.m; sourceTree = "<group>"; };
		7B85656D24C816FF004D4553 /* TestRenderVideoFrame.h */ = {isa = PBXFileReference; fileEncoding = 4; lastKnownFileType = sourcecode.c.h; path = TestRenderVideoFrame.h; sourceTree = "<group>"; };
		7B85657124C8170E004D4553 /* CustomCapture.storyboard */ = {isa = PBXFileReference; fileEncoding = 4; lastKnownFileType = file.storyboard; path = CustomCapture.storyboard; sourceTree = "<group>"; };
		7B85657224C8170E004D4553 /* CustomEntranceViewController.swift */ = {isa = PBXFileReference; fileEncoding = 4; lastKnownFileType = sourcecode.swift; path = CustomEntranceViewController.swift; sourceTree = "<group>"; };
		7B85657324C8170E004D4553 /* CustomCaptureViewController.swift */ = {isa = PBXFileReference; fileEncoding = 4; lastKnownFileType = sourcecode.swift; path = CustomCaptureViewController.swift; sourceTree = "<group>"; };
		812E142E2412403400642B19 /* SimpleDemo.app */ = {isa = PBXFileReference; explicitFileType = wrapper.application; includeInIndex = 0; path = SimpleDemo.app; sourceTree = BUILT_PRODUCTS_DIR; };
		812E1481241257D200642B19 /* Assets.xcassets */ = {isa = PBXFileReference; lastKnownFileType = folder.assetcatalog; path = Assets.xcassets; sourceTree = "<group>"; };
		812E1483241257D200642B19 /* Base */ = {isa = PBXFileReference; lastKnownFileType = file.storyboard; name = Base; path = Base.lproj/LaunchScreen.storyboard; sourceTree = "<group>"; };
		812E1484241257D200642B19 /* AppDelegate.swift */ = {isa = PBXFileReference; fileEncoding = 4; lastKnownFileType = sourcecode.swift; path = AppDelegate.swift; sourceTree = "<group>"; };
		812E1485241257D200642B19 /* Info.plist */ = {isa = PBXFileReference; fileEncoding = 4; lastKnownFileType = text.plist.xml; path = Info.plist; sourceTree = "<group>"; };
		812E1487241257D200642B19 /* README.md */ = {isa = PBXFileReference; fileEncoding = 4; lastKnownFileType = net.daringfireball.markdown; path = README.md; sourceTree = "<group>"; };
		812E148B241257D200642B19 /* Main.storyboard */ = {isa = PBXFileReference; fileEncoding = 4; lastKnownFileType = file.storyboard; path = Main.storyboard; sourceTree = "<group>"; };
		812E14962412585600642B19 /* MainViewController.swift */ = {isa = PBXFileReference; lastKnownFileType = sourcecode.swift; path = MainViewController.swift; sourceTree = "<group>"; };
		812E14982412589100642B19 /* RTCViewController.swift */ = {isa = PBXFileReference; lastKnownFileType = sourcecode.swift; path = RTCViewController.swift; sourceTree = "<group>"; };
		812E149A241258AA00642B19 /* RTC.storyboard */ = {isa = PBXFileReference; lastKnownFileType = file.storyboard; path = RTC.storyboard; sourceTree = "<group>"; };
		812E14A1241259DE00642B19 /* TRTCSimpleDemo-Bridging-Header.h */ = {isa = PBXFileReference; fileEncoding = 4; lastKnownFileType = sourcecode.c.h; path = "TRTCSimpleDemo-Bridging-Header.h"; sourceTree = "<group>"; };
		812E14A324125B6000642B19 /* LiveViewController.swift */ = {isa = PBXFileReference; lastKnownFileType = sourcecode.swift; path = LiveViewController.swift; sourceTree = "<group>"; };
		812E14A52412601E00642B19 /* Live.storyboard */ = {isa = PBXFileReference; lastKnownFileType = file.storyboard; path = Live.storyboard; sourceTree = "<group>"; };
		817262A72416C68400265751 /* LivePushViewController.swift */ = {isa = PBXFileReference; lastKnownFileType = sourcecode.swift; path = LivePushViewController.swift; sourceTree = "<group>"; };
		81E3C985241820EA00366606 /* LiveSubVideoView.swift */ = {isa = PBXFileReference; lastKnownFileType = sourcecode.swift; path = LiveSubVideoView.swift; sourceTree = "<group>"; };
		86D83B858B9CD6F48E284F6B /* Pods-TRTCSimpleDemo.release.xcconfig */ = {isa = PBXFileReference; includeInIndex = 1; lastKnownFileType = text.xcconfig; name = "Pods-TRTCSimpleDemo.release.xcconfig"; path = "Target Support Files/Pods-TRTCSimpleDemo/Pods-TRTCSimpleDemo.release.xcconfig"; sourceTree = "<group>"; };
		D1FFA7F8E251A044AF05C5BB /* Pods-TRTCSimpleDemo.debug.xcconfig */ = {isa = PBXFileReference; includeInIndex = 1; lastKnownFileType = text.xcconfig; name = "Pods-TRTCSimpleDemo.debug.xcconfig"; path = "Target Support Files/Pods-TRTCSimpleDemo/Pods-TRTCSimpleDemo.debug.xcconfig"; sourceTree = "<group>"; };
		EF34C418731E393A9863343E /* libPods-TRTCSimpleDemo.a */ = {isa = PBXFileReference; explicitFileType = archive.ar; includeInIndex = 0; path = "libPods-TRTCSimpleDemo.a"; sourceTree = BUILT_PRODUCTS_DIR; };
		FD28D3F024162E2B0080B8A0 /* RTCEntranceViewController.swift */ = {isa = PBXFileReference; lastKnownFileType = sourcecode.swift; path = RTCEntranceViewController.swift; sourceTree = "<group>"; };
		FD3B3A172423B5B8001720A3 /* GenerateTestUserSig.m */ = {isa = PBXFileReference; fileEncoding = 4; lastKnownFileType = sourcecode.c.objc; path = GenerateTestUserSig.m; sourceTree = "<group>"; };
		FD3B3A182423B5B8001720A3 /* GenerateTestUserSig.h */ = {isa = PBXFileReference; fileEncoding = 4; lastKnownFileType = sourcecode.c.h; path = GenerateTestUserSig.h; sourceTree = "<group>"; };
		FD96E07D248DF98800294D1F /* Accelerate.framework */ = {isa = PBXFileReference; lastKnownFileType = wrapper.framework; name = Accelerate.framework; path = System/Library/Frameworks/Accelerate.framework; sourceTree = SDKROOT; };
		FDB94D0B2417BC6000C2AC28 /* LivePlayViewController.swift */ = {isa = PBXFileReference; lastKnownFileType = sourcecode.swift; path = LivePlayViewController.swift; sourceTree = "<group>"; };
		FDCEFF4A241BBDD6000BFA0B /* TXLiteAVSDK_TRTC.framework */ = {isa = PBXFileReference; lastKnownFileType = wrapper.framework; name = TXLiteAVSDK_TRTC.framework; path = ../SDK/TXLiteAVSDK_TRTC.framework; sourceTree = "<group>"; };
		FDCEFF4C241BBDEB000BFA0B /* libc++.tbd */ = {isa = PBXFileReference; lastKnownFileType = "sourcecode.text-based-dylib-definition"; name = "libc++.tbd"; path = "usr/lib/libc++.tbd"; sourceTree = SDKROOT; };
		FDCEFF4E241BBDF1000BFA0B /* libiconv.tbd */ = {isa = PBXFileReference; lastKnownFileType = "sourcecode.text-based-dylib-definition"; name = libiconv.tbd; path = usr/lib/libiconv.tbd; sourceTree = SDKROOT; };
		FDD9E02F2440840900FD5B5A /* libresolv.tbd */ = {isa = PBXFileReference; lastKnownFileType = "sourcecode.text-based-dylib-definition"; name = libresolv.tbd; path = usr/lib/libresolv.tbd; sourceTree = SDKROOT; };
		FDF543BE241A0A2700F21B2A /* LiveRoomManager.swift */ = {isa = PBXFileReference; lastKnownFileType = sourcecode.swift; path = LiveRoomManager.swift; sourceTree = "<group>"; };
/* End PBXFileReference section */

/* Begin PBXFrameworksBuildPhase section */
		453371772491F24400E18040 /* Frameworks */ = {
			isa = PBXFrameworksBuildPhase;
			buildActionMask = 2147483647;
			files = (
				C61744BA26E8A43E00FD00B1 /* libc++.tbd in Frameworks */,
				C61744B926E8A43500FD00B1 /* Accelerate.framework in Frameworks */,
				453371862491F35100E18040 /* TXLiteAVSDK_ReplayKitExt.framework in Frameworks */,
				4533717B2491F24400E18040 /* ReplayKit.framework in Frameworks */,
			);
			runOnlyForDeploymentPostprocessing = 0;
		};
		812E142B2412403400642B19 /* Frameworks */ = {
			isa = PBXFrameworksBuildPhase;
			buildActionMask = 2147483647;
			files = (
				FDD9E0302440840900FD5B5A /* libresolv.tbd in Frameworks */,
				FDCEFF4F241BBDF1000BFA0B /* libiconv.tbd in Frameworks */,
				FDCEFF4D241BBDEB000BFA0B /* libc++.tbd in Frameworks */,
				FD96E07E248DF98800294D1F /* Accelerate.framework in Frameworks */,
				FDCEFF4B241BBDD6000BFA0B /* TXLiteAVSDK_TRTC.framework in Frameworks */,
				8AB4CC75885C25710FA89DD4 /* libPods-TRTCSimpleDemo.a in Frameworks */,
			);
			runOnlyForDeploymentPostprocessing = 0;
		};
/* End PBXFrameworksBuildPhase section */

/* Begin PBXGroup section */
		2806909F2490BE6D00FAAE90 /* Screen */ = {
			isa = PBXGroup;
			children = (
				4533717C2491F24400E18040 /* TXReplayKit_Screen */,
				280690A02490BE6D00FAAE90 /* ScreenEntranceViewController.swift */,
				280690A12490BE6D00FAAE90 /* ScreenViewController.swift */,
				28C0A3FB249101F000E50613 /* TRTCBroadcastExtensionLauncher.swift */,
			);
			path = Screen;
			sourceTree = "<group>";
		};
		4533717C2491F24400E18040 /* TXReplayKit_Screen */ = {
			isa = PBXGroup;
			children = (
				4533718724920C3C00E18040 /* TXReplayKit_Screen.entitlements */,
				4533717D2491F24400E18040 /* SampleHandler.swift */,
				4533717F2491F24400E18040 /* Info.plist */,
			);
			path = TXReplayKit_Screen;
			sourceTree = "<group>";
		};
		7B8256A324C6CA1F00C6282D /* QBImagePicker */ = {
			isa = PBXGroup;
			children = (
				7B8256A424C6CA1F00C6282D /* QBImagePicker.strings */,
				7B8256A624C6CA1F00C6282D /* QBImagePickerController.h */,
				7B8256A924C6CA1F00C6282D /* QBAssetsViewController.h */,
				7B8256AA24C6CA1F00C6282D /* QBAlbumsViewController.h */,
				7B8256AB24C6CA1F00C6282D /* QBVideoIconView.m */,
				7B8256AC24C6CA1F00C6282D /* QBVideoIndicatorView.m */,
				7B8256AF24C6CA1F00C6282D /* QBCheckmarkView.h */,
				7B8256B024C6CA1F00C6282D /* QBImagePicker.h */,
				7B8256B124C6CA1F00C6282D /* QBAssetCell.h */,
				7B8256B224C6CA1F00C6282D /* QBSlomoIconView.h */,
				7B8256B324C6CA1F00C6282D /* QBAlbumCell.m */,
				7B8256B424C6CA1F00C6282D /* QBImagePicker.storyboard */,
				7B8256B524C6CA1F00C6282D /* QBVideoIndicatorView.h */,
				7B8256B624C6CA1F00C6282D /* QBAlbumsViewController.m */,
				7B8256B724C6CA1F00C6282D /* QBVideoIconView.h */,
				7B8256B824C6CA1F00C6282D /* QBAssetsViewController.m */,
				7B8256B924C6CA1F00C6282D /* QBImagePickerController.m */,
				7B8256BB24C6CA1F00C6282D /* QBCheckmarkView.m */,
				7B8256BC24C6CA1F00C6282D /* QBAlbumCell.h */,
				7B8256BD24C6CA1F00C6282D /* QBSlomoIconView.m */,
				7B8256BE24C6CA1F00C6282D /* QBAssetCell.m */,
			);
			path = QBImagePicker;
			sourceTree = "<group>";
		};
		7B85656624C8167E004D4553 /* CustomCapture */ = {
			isa = PBXGroup;
			children = (
				7B8256A324C6CA1F00C6282D /* QBImagePicker */,
				7B85656724C816FF004D4553 /* testCustomVideo */,
				7B85657124C8170E004D4553 /* CustomCapture.storyboard */,
				7B85657224C8170E004D4553 /* CustomEntranceViewController.swift */,
				7B85657324C8170E004D4553 /* CustomCaptureViewController.swift */,
			);
			path = CustomCapture;
			sourceTree = "<group>";
		};
		7B85656724C816FF004D4553 /* testCustomVideo */ = {
			isa = PBXGroup;
			children = (
				7B85656824C816FF004D4553 /* TCMediaFileReader.m */,
				7B85656924C816FF004D4553 /* TestRenderVideoFrame.m */,
				7B85656A24C816FF004D4553 /* TestSendCustomVideoData.h */,
				7B85656B24C816FF004D4553 /* TCMediaFileReader.h */,
				7B85656C24C816FF004D4553 /* TestSendCustomVideoData.m */,
				7B85656D24C816FF004D4553 /* TestRenderVideoFrame.h */,
			);
			path = testCustomVideo;
			sourceTree = "<group>";
		};
		812E14252412403400642B19 = {
			isa = PBXGroup;
			children = (
				812E1487241257D200642B19 /* README.md */,
				7B85656624C8167E004D4553 /* CustomCapture */,
				812E1486241257D200642B19 /* Live */,
				2806909F2490BE6D00FAAE90 /* Screen */,
				812E148D241257D200642B19 /* RTC */,
				812E1488241257D200642B19 /* Main */,
				FD3B3A162423B5B8001720A3 /* debug */,
				812E1480241257D200642B19 /* TRTCSimpleDemo */,
				812E142F2412403400642B19 /* Products */,
				C2D3A67E7F4AD77B3A644C16 /* Frameworks */,
				BA489DC2235E3E83FBB67F6A /* Pods */,
			);
			sourceTree = "<group>";
		};
		812E142F2412403400642B19 /* Products */ = {
			isa = PBXGroup;
			children = (
				812E142E2412403400642B19 /* SimpleDemo.app */,
				4533717A2491F24400E18040 /* TXReplayKit_Screen.appex */,
			);
			name = Products;
			sourceTree = "<group>";
		};
		812E1480241257D200642B19 /* TRTCSimpleDemo */ = {
			isa = PBXGroup;
			children = (
				280690B82490C1AE00FAAE90 /* SimpleDemo.entitlements */,
				812E1484241257D200642B19 /* AppDelegate.swift */,
				812E1485241257D200642B19 /* Info.plist */,
				812E1481241257D200642B19 /* Assets.xcassets */,
				812E1482241257D200642B19 /* LaunchScreen.storyboard */,
				812E14A1241259DE00642B19 /* TRTCSimpleDemo-Bridging-Header.h */,
			);
			path = TRTCSimpleDemo;
			sourceTree = "<group>";
		};
		812E1486241257D200642B19 /* Live */ = {
			isa = PBXGroup;
			children = (
				817262A72416C68400265751 /* LivePushViewController.swift */,
				FDB94D0B2417BC6000C2AC28 /* LivePlayViewController.swift */,
				812E14A324125B6000642B19 /* LiveViewController.swift */,
				81E3C985241820EA00366606 /* LiveSubVideoView.swift */,
				FDF543BE241A0A2700F21B2A /* LiveRoomManager.swift */,
				812E14A52412601E00642B19 /* Live.storyboard */,
			);
			path = Live;
			sourceTree = "<group>";
		};
		812E1488241257D200642B19 /* Main */ = {
			isa = PBXGroup;
			children = (
				812E148B241257D200642B19 /* Main.storyboard */,
				812E14962412585600642B19 /* MainViewController.swift */,
			);
			path = Main;
			sourceTree = "<group>";
		};
		812E148D241257D200642B19 /* RTC */ = {
			isa = PBXGroup;
			children = (
				FD28D3F024162E2B0080B8A0 /* RTCEntranceViewController.swift */,
				812E14982412589100642B19 /* RTCViewController.swift */,
				812E149A241258AA00642B19 /* RTC.storyboard */,
			);
			path = RTC;
			sourceTree = "<group>";
		};
		BA489DC2235E3E83FBB67F6A /* Pods */ = {
			isa = PBXGroup;
			children = (
				D1FFA7F8E251A044AF05C5BB /* Pods-TRTCSimpleDemo.debug.xcconfig */,
				86D83B858B9CD6F48E284F6B /* Pods-TRTCSimpleDemo.release.xcconfig */,
			);
			path = Pods;
			sourceTree = "<group>";
		};
		C2D3A67E7F4AD77B3A644C16 /* Frameworks */ = {
			isa = PBXGroup;
			children = (
				28C0A3D42490CAB000E50613 /* TXLiteAVSDK_ReplayKitExt.framework */,
				FDD9E02F2440840900FD5B5A /* libresolv.tbd */,
				FDCEFF4E241BBDF1000BFA0B /* libiconv.tbd */,
				FDCEFF4C241BBDEB000BFA0B /* libc++.tbd */,
				FD96E07D248DF98800294D1F /* Accelerate.framework */,
				FDCEFF4A241BBDD6000BFA0B /* TXLiteAVSDK_TRTC.framework */,
				EF34C418731E393A9863343E /* libPods-TRTCSimpleDemo.a */,
				280690A92490C04D00FAAE90 /* ReplayKit.framework */,
			);
			name = Frameworks;
			sourceTree = "<group>";
		};
		FD3B3A162423B5B8001720A3 /* debug */ = {
			isa = PBXGroup;
			children = (
				FD3B3A172423B5B8001720A3 /* GenerateTestUserSig.m */,
				FD3B3A182423B5B8001720A3 /* GenerateTestUserSig.h */,
			);
			path = debug;
			sourceTree = "<group>";
		};
/* End PBXGroup section */

/* Begin PBXNativeTarget section */
		453371792491F24400E18040 /* TXReplayKit_Screen */ = {
			isa = PBXNativeTarget;
			buildConfigurationList = 453371832491F24400E18040 /* Build configuration list for PBXNativeTarget "TXReplayKit_Screen" */;
			buildPhases = (
				453371762491F24400E18040 /* Sources */,
				453371772491F24400E18040 /* Frameworks */,
				453371782491F24400E18040 /* Resources */,
			);
			buildRules = (
			);
			dependencies = (
			);
			name = TXReplayKit_Screen;
			productName = TXReplayKit_SimpleDemo;
			productReference = 4533717A2491F24400E18040 /* TXReplayKit_Screen.appex */;
			productType = "com.apple.product-type.app-extension";
		};
		812E142D2412403400642B19 /* TRTCSimpleDemo */ = {
			isa = PBXNativeTarget;
			buildConfigurationList = 812E14422412403600642B19 /* Build configuration list for PBXNativeTarget "TRTCSimpleDemo" */;
			buildPhases = (
				FB3CDA309A6E7F33FB42C3A0 /* [CP] Check Pods Manifest.lock */,
				812E142A2412403400642B19 /* Sources */,
				812E142B2412403400642B19 /* Frameworks */,
				812E142C2412403400642B19 /* Resources */,
				280690B52490C04D00FAAE90 /* Embed App Extensions */,
				28C0A3D32490C61F00E50613 /* Embed Frameworks */,
			);
			buildRules = (
			);
			dependencies = (
				453371812491F24400E18040 /* PBXTargetDependency */,
			);
			name = TRTCSimpleDemo;
			productName = TRTCSimpleDemo;
			productReference = 812E142E2412403400642B19 /* SimpleDemo.app */;
			productType = "com.apple.product-type.application";
		};
/* End PBXNativeTarget section */

/* Begin PBXProject section */
		812E14262412403400642B19 /* Project object */ = {
			isa = PBXProject;
			attributes = {
				LastSwiftUpdateCheck = 1150;
				LastUpgradeCheck = 1130;
				ORGANIZATIONNAME = Tencent;
				TargetAttributes = {
					453371792491F24400E18040 = {
						CreatedOnToolsVersion = 11.5;
					};
					812E142D2412403400642B19 = {
						CreatedOnToolsVersion = 11.3.1;
						LastSwiftMigration = 1130;
						SystemCapabilities = {
							com.apple.BackgroundModes = {
								enabled = 1;
							};
						};
					};
				};
			};
			buildConfigurationList = 812E14292412403400642B19 /* Build configuration list for PBXProject "TRTCSimpleDemo" */;
			compatibilityVersion = "Xcode 9.3";
			developmentRegion = en;
			hasScannedForEncodings = 0;
			knownRegions = (
				en,
				Base,
				de,
				"zh-Hans",
				ja,
				es,
				pl,
			);
			mainGroup = 812E14252412403400642B19;
			productRefGroup = 812E142F2412403400642B19 /* Products */;
			projectDirPath = "";
			projectRoot = "";
			targets = (
				812E142D2412403400642B19 /* TRTCSimpleDemo */,
				453371792491F24400E18040 /* TXReplayKit_Screen */,
			);
		};
/* End PBXProject section */

/* Begin PBXResourcesBuildPhase section */
		453371782491F24400E18040 /* Resources */ = {
			isa = PBXResourcesBuildPhase;
			buildActionMask = 2147483647;
			files = (
			);
			runOnlyForDeploymentPostprocessing = 0;
		};
		812E142C2412403400642B19 /* Resources */ = {
			isa = PBXResourcesBuildPhase;
			buildActionMask = 2147483647;
			files = (
				812E148E241257D200642B19 /* Assets.xcassets in Resources */,
				812E1495241257D200642B19 /* Main.storyboard in Resources */,
				7B8256BF24C6CA1F00C6282D /* QBImagePicker.strings in Resources */,
				7B8256C324C6CA1F00C6282D /* QBImagePicker.storyboard in Resources */,
				812E14A62412601E00642B19 /* Live.storyboard in Resources */,
				812E149B241258AA00642B19 /* RTC.storyboard in Resources */,
				7B85657424C8170E004D4553 /* CustomCapture.storyboard in Resources */,
				812E148F241257D200642B19 /* LaunchScreen.storyboard in Resources */,
			);
			runOnlyForDeploymentPostprocessing = 0;
		};
/* End PBXResourcesBuildPhase section */

/* Begin PBXShellScriptBuildPhase section */
		FB3CDA309A6E7F33FB42C3A0 /* [CP] Check Pods Manifest.lock */ = {
			isa = PBXShellScriptBuildPhase;
			buildActionMask = 2147483647;
			files = (
			);
			inputFileListPaths = (
			);
			inputPaths = (
				"${PODS_PODFILE_DIR_PATH}/Podfile.lock",
				"${PODS_ROOT}/Manifest.lock",
			);
			name = "[CP] Check Pods Manifest.lock";
			outputFileListPaths = (
			);
			outputPaths = (
				"$(DERIVED_FILE_DIR)/Pods-TRTCSimpleDemo-checkManifestLockResult.txt",
			);
			runOnlyForDeploymentPostprocessing = 0;
			shellPath = /bin/sh;
			shellScript = "diff \"${PODS_PODFILE_DIR_PATH}/Podfile.lock\" \"${PODS_ROOT}/Manifest.lock\" > /dev/null\nif [ $? != 0 ] ; then\n    # print error to STDERR\n    echo \"error: The sandbox is not in sync with the Podfile.lock. Run 'pod install' or update your CocoaPods installation.\" >&2\n    exit 1\nfi\n# This output is used by Xcode 'outputs' to avoid re-running this script phase.\necho \"SUCCESS\" > \"${SCRIPT_OUTPUT_FILE_0}\"\n";
			showEnvVarsInLog = 0;
		};
/* End PBXShellScriptBuildPhase section */

/* Begin PBXSourcesBuildPhase section */
		453371762491F24400E18040 /* Sources */ = {
			isa = PBXSourcesBuildPhase;
			buildActionMask = 2147483647;
			files = (
				4533717E2491F24400E18040 /* SampleHandler.swift in Sources */,
			);
			runOnlyForDeploymentPostprocessing = 0;
		};
		812E142A2412403400642B19 /* Sources */ = {
			isa = PBXSourcesBuildPhase;
			buildActionMask = 2147483647;
			files = (
				FD28D3F124162E2B0080B8A0 /* RTCEntranceViewController.swift in Sources */,
				7B85656F24C816FF004D4553 /* TestRenderVideoFrame.m in Sources */,
				812E1490241257D200642B19 /* AppDelegate.swift in Sources */,
				7B85657524C8170E004D4553 /* CustomEntranceViewController.swift in Sources */,
				7B8256C024C6CA1F00C6282D /* QBVideoIconView.m in Sources */,
				7B8256C724C6CA1F00C6282D /* QBCheckmarkView.m in Sources */,
				7B85657024C816FF004D4553 /* TestSendCustomVideoData.m in Sources */,
				812E14992412589100642B19 /* RTCViewController.swift in Sources */,
				28C0A3FC249101F000E50613 /* TRTCBroadcastExtensionLauncher.swift in Sources */,
				FD3B3A192423B5B8001720A3 /* GenerateTestUserSig.m in Sources */,
				280690A22490BE6D00FAAE90 /* ScreenEntranceViewController.swift in Sources */,
				7B85657624C8170E004D4553 /* CustomCaptureViewController.swift in Sources */,
				7B8256C424C6CA1F00C6282D /* QBAlbumsViewController.m in Sources */,
				7B8256C924C6CA1F00C6282D /* QBAssetCell.m in Sources */,
				812E14972412585600642B19 /* MainViewController.swift in Sources */,
				812E14A424125B6000642B19 /* LiveViewController.swift in Sources */,
				7B8256C824C6CA1F00C6282D /* QBSlomoIconView.m in Sources */,
				817262A82416C68400265751 /* LivePushViewController.swift in Sources */,
				7B8256C624C6CA1F00C6282D /* QBImagePickerController.m in Sources */,
				7B8256C124C6CA1F00C6282D /* QBVideoIndicatorView.m in Sources */,
				280690A32490BE6D00FAAE90 /* ScreenViewController.swift in Sources */,
				7B85656E24C816FF004D4553 /* TCMediaFileReader.m in Sources */,
				7B8256C224C6CA1F00C6282D /* QBAlbumCell.m in Sources */,
				FDB94D0C2417BC6000C2AC28 /* LivePlayViewController.swift in Sources */,
				FDF543BF241A0A2700F21B2A /* LiveRoomManager.swift in Sources */,
				7B8256C524C6CA1F00C6282D /* QBAssetsViewController.m in Sources */,
				81E3C986241820EA00366606 /* LiveSubVideoView.swift in Sources */,
			);
			runOnlyForDeploymentPostprocessing = 0;
		};
/* End PBXSourcesBuildPhase section */

/* Begin PBXTargetDependency section */
		453371812491F24400E18040 /* PBXTargetDependency */ = {
			isa = PBXTargetDependency;
			target = 453371792491F24400E18040 /* TXReplayKit_Screen */;
			targetProxy = 453371802491F24400E18040 /* PBXContainerItemProxy */;
		};
/* End PBXTargetDependency section */

/* Begin PBXVariantGroup section */
		7B8256A424C6CA1F00C6282D /* QBImagePicker.strings */ = {
			isa = PBXVariantGroup;
			children = (
				7B8256A524C6CA1F00C6282D /* de */,
				7B8256A724C6CA1F00C6282D /* zh-Hans */,
				7B8256A824C6CA1F00C6282D /* ja */,
				7B8256AD24C6CA1F00C6282D /* en */,
				7B8256AE24C6CA1F00C6282D /* es */,
				7B8256BA24C6CA1F00C6282D /* pl */,
			);
			name = QBImagePicker.strings;
			sourceTree = "<group>";
		};
		812E1482241257D200642B19 /* LaunchScreen.storyboard */ = {
			isa = PBXVariantGroup;
			children = (
				812E1483241257D200642B19 /* Base */,
			);
			name = LaunchScreen.storyboard;
			sourceTree = "<group>";
		};
/* End PBXVariantGroup section */

/* Begin XCBuildConfiguration section */
		453371842491F24400E18040 /* Debug */ = {
			isa = XCBuildConfiguration;
			buildSettings = {
				CODE_SIGN_ENTITLEMENTS = Screen/TXReplayKit_Screen/TXReplayKit_Screen.entitlements;
				CODE_SIGN_IDENTITY = "iPhone Developer";
				CODE_SIGN_STYLE = Manual;
				DEVELOPMENT_TEAM = 5GHU44CJHG;
				INFOPLIST_FILE = Screen/TXReplayKit_Screen/Info.plist;
				IPHONEOS_DEPLOYMENT_TARGET = 11.0;
				LD_RUNPATH_SEARCH_PATHS = (
					"$(inherited)",
					"@executable_path/Frameworks",
					"@executable_path/../../Frameworks",
				);
				PRODUCT_BUNDLE_IDENTIFIER = com.tencent.liteavdemo.ReplaykitUpload;
				PRODUCT_NAME = "$(TARGET_NAME)";
				PROVISIONING_PROFILE_SPECIFIER = liteav_ReplayKit;
				SKIP_INSTALL = YES;
				SWIFT_VERSION = 5.0;
				TARGETED_DEVICE_FAMILY = "1,2";
			};
			name = Debug;
		};
		453371852491F24400E18040 /* Release */ = {
			isa = XCBuildConfiguration;
			buildSettings = {
				CODE_SIGN_IDENTITY = "iPhone Developer";
				CODE_SIGN_STYLE = Manual;
				DEVELOPMENT_TEAM = 5GHU44CJHG;
				INFOPLIST_FILE = Screen/TXReplayKit_Screen/Info.plist;
				IPHONEOS_DEPLOYMENT_TARGET = 11.0;
				LD_RUNPATH_SEARCH_PATHS = (
					"$(inherited)",
					"@executable_path/Frameworks",
					"@executable_path/../../Frameworks",
				);
				PRODUCT_BUNDLE_IDENTIFIER = com.tencent.liteavdemo.ReplaykitUpload;
				PRODUCT_NAME = "$(TARGET_NAME)";
				PROVISIONING_PROFILE_SPECIFIER = liteav_ReplayKit;
				SKIP_INSTALL = YES;
				SWIFT_VERSION = 5.0;
				TARGETED_DEVICE_FAMILY = "1,2";
			};
			name = Release;
		};
		812E14402412403600642B19 /* Debug */ = {
			isa = XCBuildConfiguration;
			buildSettings = {
				ALWAYS_SEARCH_USER_PATHS = NO;
				CLANG_ANALYZER_NONNULL = YES;
				CLANG_ANALYZER_NUMBER_OBJECT_CONVERSION = YES_AGGRESSIVE;
				CLANG_CXX_LANGUAGE_STANDARD = "gnu++14";
				CLANG_CXX_LIBRARY = "libc++";
				CLANG_ENABLE_MODULES = YES;
				CLANG_ENABLE_OBJC_ARC = YES;
				CLANG_ENABLE_OBJC_WEAK = YES;
				CLANG_WARN_BLOCK_CAPTURE_AUTORELEASING = YES;
				CLANG_WARN_BOOL_CONVERSION = YES;
				CLANG_WARN_COMMA = YES;
				CLANG_WARN_CONSTANT_CONVERSION = YES;
				CLANG_WARN_DEPRECATED_OBJC_IMPLEMENTATIONS = YES;
				CLANG_WARN_DIRECT_OBJC_ISA_USAGE = YES_ERROR;
				CLANG_WARN_DOCUMENTATION_COMMENTS = YES;
				CLANG_WARN_EMPTY_BODY = YES;
				CLANG_WARN_ENUM_CONVERSION = YES;
				CLANG_WARN_INFINITE_RECURSION = YES;
				CLANG_WARN_INT_CONVERSION = YES;
				CLANG_WARN_NON_LITERAL_NULL_CONVERSION = YES;
				CLANG_WARN_OBJC_IMPLICIT_RETAIN_SELF = YES;
				CLANG_WARN_OBJC_LITERAL_CONVERSION = YES;
				CLANG_WARN_OBJC_ROOT_CLASS = YES_ERROR;
				CLANG_WARN_RANGE_LOOP_ANALYSIS = YES;
				CLANG_WARN_STRICT_PROTOTYPES = YES;
				CLANG_WARN_SUSPICIOUS_MOVE = YES;
				CLANG_WARN_UNGUARDED_AVAILABILITY = YES_AGGRESSIVE;
				CLANG_WARN_UNREACHABLE_CODE = YES;
				CLANG_WARN__DUPLICATE_METHOD_MATCH = YES;
				COPY_PHASE_STRIP = NO;
				DEBUG_INFORMATION_FORMAT = dwarf;
				ENABLE_STRICT_OBJC_MSGSEND = YES;
				ENABLE_TESTABILITY = YES;
				FRAMEWORK_SEARCH_PATHS = "$(SRCROOT)/../SDK/";
				GCC_C_LANGUAGE_STANDARD = gnu11;
				GCC_DYNAMIC_NO_PIC = NO;
				GCC_NO_COMMON_BLOCKS = YES;
				GCC_OPTIMIZATION_LEVEL = 0;
				GCC_PREPROCESSOR_DEFINITIONS = (
					"DEBUG=1",
					"$(inherited)",
				);
				GCC_WARN_64_TO_32_BIT_CONVERSION = YES;
				GCC_WARN_ABOUT_RETURN_TYPE = YES_ERROR;
				GCC_WARN_UNDECLARED_SELECTOR = YES;
				GCC_WARN_UNINITIALIZED_AUTOS = YES_AGGRESSIVE;
				GCC_WARN_UNUSED_FUNCTION = YES;
				GCC_WARN_UNUSED_VARIABLE = YES;
				IPHONEOS_DEPLOYMENT_TARGET = 9.0;
				MTL_ENABLE_DEBUG_INFO = INCLUDE_SOURCE;
				MTL_FAST_MATH = YES;
				ONLY_ACTIVE_ARCH = YES;
				SDKROOT = iphoneos;
				SWIFT_ACTIVE_COMPILATION_CONDITIONS = DEBUG;
				SWIFT_OPTIMIZATION_LEVEL = "-Onone";
			};
			name = Debug;
		};
		812E14412412403600642B19 /* Release */ = {
			isa = XCBuildConfiguration;
			buildSettings = {
				ALWAYS_SEARCH_USER_PATHS = NO;
				CLANG_ANALYZER_NONNULL = YES;
				CLANG_ANALYZER_NUMBER_OBJECT_CONVERSION = YES_AGGRESSIVE;
				CLANG_CXX_LANGUAGE_STANDARD = "gnu++14";
				CLANG_CXX_LIBRARY = "libc++";
				CLANG_ENABLE_MODULES = YES;
				CLANG_ENABLE_OBJC_ARC = YES;
				CLANG_ENABLE_OBJC_WEAK = YES;
				CLANG_WARN_BLOCK_CAPTURE_AUTORELEASING = YES;
				CLANG_WARN_BOOL_CONVERSION = YES;
				CLANG_WARN_COMMA = YES;
				CLANG_WARN_CONSTANT_CONVERSION = YES;
				CLANG_WARN_DEPRECATED_OBJC_IMPLEMENTATIONS = YES;
				CLANG_WARN_DIRECT_OBJC_ISA_USAGE = YES_ERROR;
				CLANG_WARN_DOCUMENTATION_COMMENTS = YES;
				CLANG_WARN_EMPTY_BODY = YES;
				CLANG_WARN_ENUM_CONVERSION = YES;
				CLANG_WARN_INFINITE_RECURSION = YES;
				CLANG_WARN_INT_CONVERSION = YES;
				CLANG_WARN_NON_LITERAL_NULL_CONVERSION = YES;
				CLANG_WARN_OBJC_IMPLICIT_RETAIN_SELF = YES;
				CLANG_WARN_OBJC_LITERAL_CONVERSION = YES;
				CLANG_WARN_OBJC_ROOT_CLASS = YES_ERROR;
				CLANG_WARN_RANGE_LOOP_ANALYSIS = YES;
				CLANG_WARN_STRICT_PROTOTYPES = YES;
				CLANG_WARN_SUSPICIOUS_MOVE = YES;
				CLANG_WARN_UNGUARDED_AVAILABILITY = YES_AGGRESSIVE;
				CLANG_WARN_UNREACHABLE_CODE = YES;
				CLANG_WARN__DUPLICATE_METHOD_MATCH = YES;
				COPY_PHASE_STRIP = NO;
				DEBUG_INFORMATION_FORMAT = "dwarf-with-dsym";
				ENABLE_NS_ASSERTIONS = NO;
				ENABLE_STRICT_OBJC_MSGSEND = YES;
				FRAMEWORK_SEARCH_PATHS = "$(SRCROOT)/../SDK/";
				GCC_C_LANGUAGE_STANDARD = gnu11;
				GCC_NO_COMMON_BLOCKS = YES;
				GCC_WARN_64_TO_32_BIT_CONVERSION = YES;
				GCC_WARN_ABOUT_RETURN_TYPE = YES_ERROR;
				GCC_WARN_UNDECLARED_SELECTOR = YES;
				GCC_WARN_UNINITIALIZED_AUTOS = YES_AGGRESSIVE;
				GCC_WARN_UNUSED_FUNCTION = YES;
				GCC_WARN_UNUSED_VARIABLE = YES;
				IPHONEOS_DEPLOYMENT_TARGET = 9.0;
				MTL_ENABLE_DEBUG_INFO = NO;
				MTL_FAST_MATH = YES;
				SDKROOT = iphoneos;
				SWIFT_COMPILATION_MODE = wholemodule;
				SWIFT_OPTIMIZATION_LEVEL = "-O";
				VALIDATE_PRODUCT = YES;
			};
			name = Release;
		};
		812E14432412403600642B19 /* Debug */ = {
			isa = XCBuildConfiguration;
			baseConfigurationReference = D1FFA7F8E251A044AF05C5BB /* Pods-TRTCSimpleDemo.debug.xcconfig */;
			buildSettings = {
				ALWAYS_EMBED_SWIFT_STANDARD_LIBRARIES = YES;
				ASSETCATALOG_COMPILER_APPICON_NAME = AppIcon;
				CLANG_ENABLE_MODULES = YES;
				CODE_SIGN_ENTITLEMENTS = TRTCSimpleDemo/SimpleDemo.entitlements;
				CODE_SIGN_IDENTITY = "iPhone Developer";
				CODE_SIGN_STYLE = Manual;
				DEVELOPMENT_TEAM = 5GHU44CJHG;
				ENABLE_BITCODE = NO;
				GCC_NO_COMMON_BLOCKS = YES;
				INFOPLIST_FILE = TRTCSimpleDemo/Info.plist;
				LD_RUNPATH_SEARCH_PATHS = (
					"$(inherited)",
					"@executable_path/Frameworks",
				);
				PRODUCT_BUNDLE_IDENTIFIER = com.tencent.liteavdemo;
				PRODUCT_NAME = SimpleDemo;
				PROVISIONING_PROFILE_SPECIFIER = liteav_demo;
				SWIFT_OBJC_BRIDGING_HEADER = "TRTCSimpleDemo/TRTCSimpleDemo-Bridging-Header.h";
				SWIFT_OPTIMIZATION_LEVEL = "-Onone";
				SWIFT_VERSION = 4.2;
				TARGETED_DEVICE_FAMILY = "1,2";
			};
			name = Debug;
		};
		812E14442412403600642B19 /* Release */ = {
			isa = XCBuildConfiguration;
			baseConfigurationReference = 86D83B858B9CD6F48E284F6B /* Pods-TRTCSimpleDemo.release.xcconfig */;
			buildSettings = {
				ALWAYS_EMBED_SWIFT_STANDARD_LIBRARIES = YES;
				ASSETCATALOG_COMPILER_APPICON_NAME = AppIcon;
				CLANG_ENABLE_MODULES = YES;
				CODE_SIGN_ENTITLEMENTS = TRTCSimpleDemo/SimpleDemo.entitlements;
				CODE_SIGN_IDENTITY = "iPhone Developer";
				CODE_SIGN_STYLE = Manual;
				DEVELOPMENT_TEAM = 5GHU44CJHG;
				ENABLE_BITCODE = NO;
				GCC_NO_COMMON_BLOCKS = YES;
				INFOPLIST_FILE = TRTCSimpleDemo/Info.plist;
				LD_RUNPATH_SEARCH_PATHS = (
					"$(inherited)",
					"@executable_path/Frameworks",
				);
				PRODUCT_BUNDLE_IDENTIFIER = com.tencent.liteavdemo;
				PRODUCT_NAME = SimpleDemo;
				PROVISIONING_PROFILE_SPECIFIER = liteav_demo;
				SWIFT_OBJC_BRIDGING_HEADER = "TRTCSimpleDemo/TRTCSimpleDemo-Bridging-Header.h";
				SWIFT_VERSION = 4.2;
				TARGETED_DEVICE_FAMILY = "1,2";
			};
			name = Release;
		};
/* End XCBuildConfiguration section */

/* Begin XCConfigurationList section */
		453371832491F24400E18040 /* Build configuration list for PBXNativeTarget "TXReplayKit_Screen" */ = {
			isa = XCConfigurationList;
			buildConfigurations = (
				453371842491F24400E18040 /* Debug */,
				453371852491F24400E18040 /* Release */,
			);
			defaultConfigurationIsVisible = 0;
			defaultConfigurationName = Release;
		};
		812E14292412403400642B19 /* Build configuration list for PBXProject "TRTCSimpleDemo" */ = {
			isa = XCConfigurationList;
			buildConfigurations = (
				812E14402412403600642B19 /* Debug */,
				812E14412412403600642B19 /* Release */,
			);
			defaultConfigurationIsVisible = 0;
			defaultConfigurationName = Release;
		};
		812E14422412403600642B19 /* Build configuration list for PBXNativeTarget "TRTCSimpleDemo" */ = {
			isa = XCConfigurationList;
			buildConfigurations = (
				812E14432412403600642B19 /* Debug */,
				812E14442412403600642B19 /* Release */,
			);
			defaultConfigurationIsVisible = 0;
			defaultConfigurationName = Release;
		};
/* End XCConfigurationList section */
	};
	rootObject = 812E14262412403400642B19 /* Project object */;
}
