<?xml version="1.0" encoding="utf-8"?>
<Project ToolsVersion="4.0" xmlns="http://schemas.microsoft.com/developer/msbuild/2003">
  <ItemGroup>
    <Filter Include="资源文件">
      <UniqueIdentifier>{67DA6AB6-F800-4c08-8B7A-83BB121AAD01}</UniqueIdentifier>
      <Extensions>rc;ico;cur;bmp;dlg;rc2;rct;bin;rgs;gif;jpg;jpeg;jpe;resx;tiff;tif;png;wav;mfcribbon-ms</Extensions>
    </Filter>
    <Filter Include="basic">
      <UniqueIdentifier>{fe9a98f2-8c53-4658-8101-9515b096fa78}</UniqueIdentifier>
    </Filter>
    <Filter Include="src">
      <UniqueIdentifier>{66f825d2-9b54-4920-8369-fe37a4e84aee}</UniqueIdentifier>
    </Filter>
  </ItemGroup>
  <ItemGroup>
    <Text Include="ReadMe.txt" />
  </ItemGroup>
  <ItemGroup>
    <ClInclude Include="basic\json.h">
      <Filter>basic</Filter>
    </ClInclude>
    <ClInclude Include="basic\json-forwards.h">
      <Filter>basic</Filter>
    </ClInclude>
    <ClInclude Include="basic\Base.h">
      <Filter>basic</Filter>
    </ClInclude>
    <ClInclude Include="TRTCGetUserIDAndUserSig.h">
      <Filter>src</Filter>
    </ClInclude>
    <ClInclude Include="TRTCLoginViewController.h">
      <Filter>src</Filter>
    </ClInclude>
    <ClInclude Include="TRTCMainViewController.h">
      <Filter>src</Filter>
    </ClInclude>
    <ClInclude Include="TRTCSettingViewController.h">
      <Filter>src</Filter>
    </ClInclude>
    <ClInclude Include="basic\StorageConfigMgr.h">
      <Filter>basic</Filter>
    </ClInclude>
    <ClInclude Include="Resource.h">
      <Filter>src</Filter>
    </ClInclude>
    <ClInclude Include="stdafx.h">
      <Filter>src</Filter>
    </ClInclude>
    <ClInclude Include="targetver.h">
      <Filter>src</Filter>
    </ClInclude>
    <ClInclude Include="TRTCDemo.h">
      <Filter>src</Filter>
    </ClInclude>
    <ClInclude Include="basic\HttpClient.h">
      <Filter>basic</Filter>
    </ClInclude>
  </ItemGroup>
  <ItemGroup>
    <ClCompile Include="basic\jsoncpp.cpp">
      <Filter>basic</Filter>
    </ClCompile>
    <ClCompile Include="TRTCGetUserIDAndUserSig.cpp">
      <Filter>src</Filter>
    </ClCompile>
    <ClCompile Include="TRTCLoginViewController.cpp">
      <Filter>src</Filter>
    </ClCompile>
    <ClCompile Include="TRTCMainViewController.cpp">
      <Filter>src</Filter>
    </ClCompile>
    <ClCompile Include="TRTCSettingViewController.cpp">
      <Filter>src</Filter>
    </ClCompile>
    <ClCompile Include="basic\StorageConfigMgr.cpp">
      <Filter>basic</Filter>
    </ClCompile>
    <ClCompile Include="stdafx.cpp">
      <Filter>src</Filter>
    </ClCompile>
    <ClCompile Include="TRTCDemo.cpp">
      <Filter>src</Filter>
    </ClCompile>
    <ClCompile Include="basic\HttpClient.cpp">
      <Filter>basic</Filter>
    </ClCompile>
  </ItemGroup>
  <ItemGroup>
    <ResourceCompile Include="TRTCDemo.rc">
      <Filter>资源文件</Filter>
    </ResourceCompile>
  </ItemGroup>
  <ItemGroup>
    <Image Include="res\TRTCDemo.ico">
      <Filter>资源文件</Filter>
    </Image>
  </ItemGroup>
  <ItemGroup>
    <None Include="res\TRTCDemo.rc2">
      <Filter>资源文件</Filter>
    </None>
  </ItemGroup>
</Project>