// !$*UTF8*$!
{
	archiveVersion = 1;
	classes = {
	};
	objectVersion = 52;
	objects = {

/* Begin PBXBuildFile section */
		401A9A42247FACAF00C0763B /* TCAudioSettingManager.h in Headers */ = {isa = PBXBuildFile; fileRef = 401A9A40247FACAF00C0763B /* TCAudioSettingManager.h */; };
		401A9A43247FACAF00C0763B /* TCAudioSettingManager.m in Sources */ = {isa = PBXBuildFile; fileRef = 401A9A41247FACAF00C0763B /* TCAudioSettingManager.m */; };
		40AF719F247D036200EBB371 /* AudioEffectSettingKit.h in Headers */ = {isa = PBXBuildFile; fileRef = 40AF719D247D036200EBB371 /* AudioEffectSettingKit.h */; settings = {ATTRIBUTES = (Public, ); }; };
		40AF71D4247D09DB00EBB371 /* AudioEffectSettingView.h in Headers */ = {isa = PBXBuildFile; fileRef = 40AF71D2247D09DB00EBB371 /* AudioEffectSettingView.h */; settings = {ATTRIBUTES = (Private, ); }; };
		40AF71D5247D09DB00EBB371 /* AudioEffectSettingView.m in Sources */ = {isa = PBXBuildFile; fileRef = 40AF71D3247D09DB00EBB371 /* AudioEffectSettingView.m */; };
		40AF7210247D154C00EBB371 /* TCASKitTheme.h in Headers */ = {isa = PBXBuildFile; fileRef = 40AF720E247D154C00EBB371 /* TCASKitTheme.h */; settings = {ATTRIBUTES = (Public, ); }; };
		40AF7211247D154C00EBB371 /* TCASKitTheme.m in Sources */ = {isa = PBXBuildFile; fileRef = 40AF720F247D154C00EBB371 /* TCASKitTheme.m */; };
		40AF7214247D157400EBB371 /* AudioSettingPanelLocalizable.strings in Resources */ = {isa = PBXBuildFile; fileRef = 40AF7216247D157400EBB371 /* AudioSettingPanelLocalizable.strings */; platformFilter = ios; };
		40AF7222247DFE9800EBB371 /* TCCommonTool.h in Headers */ = {isa = PBXBuildFile; fileRef = 40AF7221247DFDEB00EBB371 /* TCCommonTool.h */; };
		40AF7230247E068300EBB371 /* TCMusicSelectItemView.m in Sources */ = {isa = PBXBuildFile; fileRef = 40AF722D247E039C00EBB371 /* TCMusicSelectItemView.m */; };
		40AF7233247E0CE500EBB371 /* TCSlideItemView.h in Headers */ = {isa = PBXBuildFile; fileRef = 40AF7231247E0CE400EBB371 /* TCSlideItemView.h */; };
		40AF7234247E0CE500EBB371 /* TCSlideItemView.m in Sources */ = {isa = PBXBuildFile; fileRef = 40AF7232247E0CE400EBB371 /* TCSlideItemView.m */; };
		40AF7237247E19C200EBB371 /* TCAudioScrollMenuView.h in Headers */ = {isa = PBXBuildFile; fileRef = 40AF7235247E19C200EBB371 /* TCAudioScrollMenuView.h */; };
		40AF7238247E19C200EBB371 /* TCAudioScrollMenuView.m in Sources */ = {isa = PBXBuildFile; fileRef = 40AF7236247E19C200EBB371 /* TCAudioScrollMenuView.m */; };
		40AF723B247E216100EBB371 /* TCAudioScrollerMenuCell.h in Headers */ = {isa = PBXBuildFile; fileRef = 40AF7239247E216100EBB371 /* TCAudioScrollerMenuCell.h */; };
		40AF723C247E216100EBB371 /* TCAudioScrollerMenuCell.m in Sources */ = {isa = PBXBuildFile; fileRef = 40AF723A247E216100EBB371 /* TCAudioScrollerMenuCell.m */; };
		40AF7240247E241D00EBB371 /* TCAudioScrollMenuCellModel.h in Headers */ = {isa = PBXBuildFile; fileRef = 40AF723E247E241D00EBB371 /* TCAudioScrollMenuCellModel.h */; };
		40AF7241247E241D00EBB371 /* TCAudioScrollMenuCellModel.m in Sources */ = {isa = PBXBuildFile; fileRef = 40AF723F247E241D00EBB371 /* TCAudioScrollMenuCellModel.m */; };
		40AF7246247E3BF300EBB371 /* AudioEffectSettingViewModel.h in Headers */ = {isa = PBXBuildFile; fileRef = 40AF7244247E3BF300EBB371 /* AudioEffectSettingViewModel.h */; };
		40AF7247247E3BF300EBB371 /* AudioEffectSettingViewModel.m in Sources */ = {isa = PBXBuildFile; fileRef = 40AF7245247E3BF300EBB371 /* AudioEffectSettingViewModel.m */; };
		40AF7249247E40EE00EBB371 /* TCAudioSettingKit.xcassets in Resources */ = {isa = PBXBuildFile; fileRef = 40AF7248247E40EE00EBB371 /* TCAudioSettingKit.xcassets */; };
		40AF724D247E501500EBB371 /* TCMusicSelectView.m in Sources */ = {isa = PBXBuildFile; fileRef = 40AF724B247E501000EBB371 /* TCMusicSelectView.m */; };
		40AF725D247F4D0C00EBB371 /* TCMusicSelectedModel.h in Headers */ = {isa = PBXBuildFile; fileRef = 40AF725B247F4D0C00EBB371 /* TCMusicSelectedModel.h */; };
		40AF725E247F4D0C00EBB371 /* TCMusicSelectedModel.m in Sources */ = {isa = PBXBuildFile; fileRef = 40AF725C247F4D0C00EBB371 /* TCMusicSelectedModel.m */; };
		40AF7261247F4F7A00EBB371 /* TCMusicSelectCell.h in Headers */ = {isa = PBXBuildFile; fileRef = 40AF725F247F4F7A00EBB371 /* TCMusicSelectCell.h */; };
		40AF7262247F4F7A00EBB371 /* TCMusicSelectCell.m in Sources */ = {isa = PBXBuildFile; fileRef = 40AF7260247F4F7A00EBB371 /* TCMusicSelectCell.m */; };
		40D08705249C9CF20055F9A6 /* Accelerate.framework in Frameworks */ = {isa = PBXBuildFile; fileRef = 40D08703249C9C130055F9A6 /* Accelerate.framework */; };
		40D08707249C9D460055F9A6 /* AssetsLibrary.framework in Frameworks */ = {isa = PBXBuildFile; fileRef = 40D08706249C9D460055F9A6 /* AssetsLibrary.framework */; };
		40E25F9E248029F8005EB543 /* ASMASLayoutConstraint.m in Sources */ = {isa = PBXBuildFile; fileRef = 40E25F85248029F5005EB543 /* ASMASLayoutConstraint.m */; };
		40E25F9F248029F8005EB543 /* ASMasonry.h in Headers */ = {isa = PBXBuildFile; fileRef = 40E25F86248029F5005EB543 /* ASMasonry.h */; };
		40E25FA0248029F8005EB543 /* ASMASConstraint.h in Headers */ = {isa = PBXBuildFile; fileRef = 40E25F87248029F6005EB543 /* ASMASConstraint.h */; };
		40E25FA1248029F8005EB543 /* ASView+MASAdditions.m in Sources */ = {isa = PBXBuildFile; fileRef = 40E25F88248029F6005EB543 /* ASView+MASAdditions.m */; };
		40E25FA2248029F8005EB543 /* ASNSArray+MASShorthandAdditions.h in Headers */ = {isa = PBXBuildFile; fileRef = 40E25F89248029F6005EB543 /* ASNSArray+MASShorthandAdditions.h */; };
		40E25FA3248029F8005EB543 /* ASMASViewAttribute.h in Headers */ = {isa = PBXBuildFile; fileRef = 40E25F8A248029F6005EB543 /* ASMASViewAttribute.h */; };
		40E25FA4248029F8005EB543 /* ASMASViewAttribute.m in Sources */ = {isa = PBXBuildFile; fileRef = 40E25F8B248029F6005EB543 /* ASMASViewAttribute.m */; };
		40E25FA5248029F8005EB543 /* ASMASConstraint.m in Sources */ = {isa = PBXBuildFile; fileRef = 40E25F8C248029F6005EB543 /* ASMASConstraint.m */; };
		40E25FA6248029F8005EB543 /* ASMASCompositeConstraint.h in Headers */ = {isa = PBXBuildFile; fileRef = 40E25F8D248029F6005EB543 /* ASMASCompositeConstraint.h */; };
		40E25FA7248029F8005EB543 /* ASMASConstraintMaker.h in Headers */ = {isa = PBXBuildFile; fileRef = 40E25F8E248029F6005EB543 /* ASMASConstraintMaker.h */; };
		40E25FA8248029F8005EB543 /* ASView+MASShorthandAdditions.h in Headers */ = {isa = PBXBuildFile; fileRef = 40E25F8F248029F6005EB543 /* ASView+MASShorthandAdditions.h */; };
		40E25FA9248029F8005EB543 /* ASMASUtilities.h in Headers */ = {isa = PBXBuildFile; fileRef = 40E25F90248029F6005EB543 /* ASMASUtilities.h */; };
		40E25FAA248029F8005EB543 /* ASNSArray+MASAdditions.h in Headers */ = {isa = PBXBuildFile; fileRef = 40E25F91248029F6005EB543 /* ASNSArray+MASAdditions.h */; };
		40E25FAB248029F8005EB543 /* ASViewController+MASAdditions.m in Sources */ = {isa = PBXBuildFile; fileRef = 40E25F92248029F7005EB543 /* ASViewController+MASAdditions.m */; };
		40E25FAC248029F8005EB543 /* ASMASViewConstraint.m in Sources */ = {isa = PBXBuildFile; fileRef = 40E25F93248029F7005EB543 /* ASMASViewConstraint.m */; };
		40E25FAD248029F8005EB543 /* ASMASCompositeConstraint.m in Sources */ = {isa = PBXBuildFile; fileRef = 40E25F94248029F7005EB543 /* ASMASCompositeConstraint.m */; };
		40E25FAE248029F8005EB543 /* ASMASViewConstraint.h in Headers */ = {isa = PBXBuildFile; fileRef = 40E25F95248029F7005EB543 /* ASMASViewConstraint.h */; };
		40E25FAF248029F8005EB543 /* ASNSArray+MASAdditions.m in Sources */ = {isa = PBXBuildFile; fileRef = 40E25F96248029F7005EB543 /* ASNSArray+MASAdditions.m */; };
		40E25FB0248029F8005EB543 /* ASMASConstraintMaker.m in Sources */ = {isa = PBXBuildFile; fileRef = 40E25F97248029F7005EB543 /* ASMASConstraintMaker.m */; };
		40E25FB1248029F8005EB543 /* ASView+MASAdditions.h in Headers */ = {isa = PBXBuildFile; fileRef = 40E25F98248029F7005EB543 /* ASView+MASAdditions.h */; };
		40E25FB2248029F8005EB543 /* ASMASConstraint+Private.h in Headers */ = {isa = PBXBuildFile; fileRef = 40E25F99248029F8005EB543 /* ASMASConstraint+Private.h */; };
		40E25FB3248029F8005EB543 /* ASNSLayoutConstraint+MASDebugAdditions.h in Headers */ = {isa = PBXBuildFile; fileRef = 40E25F9A248029F8005EB543 /* ASNSLayoutConstraint+MASDebugAdditions.h */; };
		40E25FB4248029F8005EB543 /* ASMASLayoutConstraint.h in Headers */ = {isa = PBXBuildFile; fileRef = 40E25F9B248029F8005EB543 /* ASMASLayoutConstraint.h */; };
		40E25FB5248029F8005EB543 /* ASViewController+MASAdditions.h in Headers */ = {isa = PBXBuildFile; fileRef = 40E25F9C248029F8005EB543 /* ASViewController+MASAdditions.h */; };
		40E25FB6248029F8005EB543 /* ASNSLayoutConstraint+MASDebugAdditions.m in Sources */ = {isa = PBXBuildFile; fileRef = 40E25F9D248029F8005EB543 /* ASNSLayoutConstraint+MASDebugAdditions.m */; };
		40E25FB924803F68005EB543 /* libc++.tbd in Frameworks */ = {isa = PBXBuildFile; fileRef = 401A9A47247FB78F00C0763B /* libc++.tbd */; };
		40E25FBE24804490005EB543 /* BuildFile in Frameworks */ = {isa = PBXBuildFile; };
		DB9BC079B300BFD0740764BA /* TXLiteAVSDK_TRTC.framework in Frameworks */ = {isa = PBXBuildFile; fileRef = 347D4E0405A4213A665C541C /* TXLiteAVSDK_TRTC.framework */; };
/* End PBXBuildFile section */

/* Begin PBXFileReference section */
		347D4E0405A4213A665C541C /* TXLiteAVSDK_TRTC.framework */ = {isa = PBXFileReference; lastKnownFileType = wrapper.framework; name = TXLiteAVSDK_TRTC.framework; path = ../../../SDK/TXLiteAVSDK_TRTC.framework; sourceTree = "<group>"; };
		401A9A40247FACAF00C0763B /* TCAudioSettingManager.h */ = {isa = PBXFileReference; lastKnownFileType = sourcecode.c.h; path = TCAudioSettingManager.h; sourceTree = "<group>"; };
		401A9A41247FACAF00C0763B /* TCAudioSettingManager.m */ = {isa = PBXFileReference; lastKnownFileType = sourcecode.c.objc; path = TCAudioSettingManager.m; sourceTree = "<group>"; };
		401A9A47247FB78F00C0763B /* libc++.tbd */ = {isa = PBXFileReference; lastKnownFileType = "sourcecode.text-based-dylib-definition"; name = "libc++.tbd"; path = "usr/lib/libc++.tbd"; sourceTree = SDKROOT; };
		40AF719A247D036200EBB371 /* AudioEffectSettingKit.framework */ = {isa = PBXFileReference; explicitFileType = wrapper.framework; includeInIndex = 0; path = AudioEffectSettingKit.framework; sourceTree = BUILT_PRODUCTS_DIR; };
		40AF719D247D036200EBB371 /* AudioEffectSettingKit.h */ = {isa = PBXFileReference; lastKnownFileType = sourcecode.c.h; path = AudioEffectSettingKit.h; sourceTree = "<group>"; };
		40AF719E247D036200EBB371 /* Info.plist */ = {isa = PBXFileReference; lastKnownFileType = text.plist.xml; path = Info.plist; sourceTree = "<group>"; };
		40AF71C4247D07E900EBB371 /* AudioEffectSettingKit.modulemap */ = {isa = PBXFileReference; lastKnownFileType = "sourcecode.module-map"; path = AudioEffectSettingKit.modulemap; sourceTree = "<group>"; };
		40AF71C9247D08F700EBB371 /* AudioEffectSettingKitResources.bundle */ = {isa = PBXFileReference; explicitFileType = wrapper.cfbundle; includeInIndex = 0; path = AudioEffectSettingKitResources.bundle; sourceTree = BUILT_PRODUCTS_DIR; };
		40AF71CB247D08F700EBB371 /* Info.plist */ = {isa = PBXFileReference; lastKnownFileType = text.plist.xml; path = Info.plist; sourceTree = "<group>"; };
		40AF71D2247D09DB00EBB371 /* AudioEffectSettingView.h */ = {isa = PBXFileReference; lastKnownFileType = sourcecode.c.h; path = AudioEffectSettingView.h; sourceTree = "<group>"; };
		40AF71D3247D09DB00EBB371 /* AudioEffectSettingView.m */ = {isa = PBXFileReference; lastKnownFileType = sourcecode.c.objc; path = AudioEffectSettingView.m; sourceTree = "<group>"; };
		40AF71F2247D0E5B00EBB371 /* Info.plist */ = {isa = PBXFileReference; fileEncoding = 4; lastKnownFileType = text.plist.xml; path = Info.plist; sourceTree = "<group>"; };
		40AF720E247D154C00EBB371 /* TCASKitTheme.h */ = {isa = PBXFileReference; lastKnownFileType = sourcecode.c.h; path = TCASKitTheme.h; sourceTree = "<group>"; };
		40AF720F247D154C00EBB371 /* TCASKitTheme.m */ = {isa = PBXFileReference; lastKnownFileType = sourcecode.c.objc; path = TCASKitTheme.m; sourceTree = "<group>"; };
		40AF7215247D157400EBB371 /* en */ = {isa = PBXFileReference; lastKnownFileType = text.plist.strings; name = en; path = en.lproj/AudioSettingPanelLocalizable.strings; sourceTree = "<group>"; };
		40AF7217247D15B700EBB371 /* zh-Hans */ = {isa = PBXFileReference; lastKnownFileType = text.plist.strings; name = "zh-Hans"; path = "zh-Hans.lproj/AudioSettingPanelLocalizable.strings"; sourceTree = "<group>"; };
		40AF7221247DFDEB00EBB371 /* TCCommonTool.h */ = {isa = PBXFileReference; lastKnownFileType = sourcecode.c.h; path = TCCommonTool.h; sourceTree = "<group>"; };
		40AF722C247E039C00EBB371 /* TCMusicSelectItemView.h */ = {isa = PBXFileReference; lastKnownFileType = sourcecode.c.h; path = TCMusicSelectItemView.h; sourceTree = "<group>"; };
		40AF722D247E039C00EBB371 /* TCMusicSelectItemView.m */ = {isa = PBXFileReference; lastKnownFileType = sourcecode.c.objc; path = TCMusicSelectItemView.m; sourceTree = "<group>"; };
		40AF722F247E054900EBB371 /* TCAudioSettingPrefixHeader.pch */ = {isa = PBXFileReference; lastKnownFileType = sourcecode.c.h; path = TCAudioSettingPrefixHeader.pch; sourceTree = "<group>"; };
		40AF7231247E0CE400EBB371 /* TCSlideItemView.h */ = {isa = PBXFileReference; lastKnownFileType = sourcecode.c.h; path = TCSlideItemView.h; sourceTree = "<group>"; };
		40AF7232247E0CE400EBB371 /* TCSlideItemView.m */ = {isa = PBXFileReference; lastKnownFileType = sourcecode.c.objc; path = TCSlideItemView.m; sourceTree = "<group>"; };
		40AF7235247E19C200EBB371 /* TCAudioScrollMenuView.h */ = {isa = PBXFileReference; lastKnownFileType = sourcecode.c.h; path = TCAudioScrollMenuView.h; sourceTree = "<group>"; };
		40AF7236247E19C200EBB371 /* TCAudioScrollMenuView.m */ = {isa = PBXFileReference; lastKnownFileType = sourcecode.c.objc; path = TCAudioScrollMenuView.m; sourceTree = "<group>"; };
		40AF7239247E216100EBB371 /* TCAudioScrollerMenuCell.h */ = {isa = PBXFileReference; lastKnownFileType = sourcecode.c.h; path = TCAudioScrollerMenuCell.h; sourceTree = "<group>"; };
		40AF723A247E216100EBB371 /* TCAudioScrollerMenuCell.m */ = {isa = PBXFileReference; lastKnownFileType = sourcecode.c.objc; path = TCAudioScrollerMenuCell.m; sourceTree = "<group>"; };
		40AF723E247E241D00EBB371 /* TCAudioScrollMenuCellModel.h */ = {isa = PBXFileReference; lastKnownFileType = sourcecode.c.h; path = TCAudioScrollMenuCellModel.h; sourceTree = "<group>"; };
		40AF723F247E241D00EBB371 /* TCAudioScrollMenuCellModel.m */ = {isa = PBXFileReference; lastKnownFileType = sourcecode.c.objc; path = TCAudioScrollMenuCellModel.m; sourceTree = "<group>"; };
		40AF7244247E3BF300EBB371 /* AudioEffectSettingViewModel.h */ = {isa = PBXFileReference; lastKnownFileType = sourcecode.c.h; path = AudioEffectSettingViewModel.h; sourceTree = "<group>"; };
		40AF7245247E3BF300EBB371 /* AudioEffectSettingViewModel.m */ = {isa = PBXFileReference; lastKnownFileType = sourcecode.c.objc; path = AudioEffectSettingViewModel.m; sourceTree = "<group>"; };
		40AF7248247E40EE00EBB371 /* TCAudioSettingKit.xcassets */ = {isa = PBXFileReference; lastKnownFileType = folder.assetcatalog; path = TCAudioSettingKit.xcassets; sourceTree = "<group>"; };
		40AF724A247E501000EBB371 /* TCMusicSelectView.h */ = {isa = PBXFileReference; lastKnownFileType = sourcecode.c.h; path = TCMusicSelectView.h; sourceTree = "<group>"; };
		40AF724B247E501000EBB371 /* TCMusicSelectView.m */ = {isa = PBXFileReference; lastKnownFileType = sourcecode.c.objc; path = TCMusicSelectView.m; sourceTree = "<group>"; };
		40AF725B247F4D0C00EBB371 /* TCMusicSelectedModel.h */ = {isa = PBXFileReference; lastKnownFileType = sourcecode.c.h; path = TCMusicSelectedModel.h; sourceTree = "<group>"; };
		40AF725C247F4D0C00EBB371 /* TCMusicSelectedModel.m */ = {isa = PBXFileReference; lastKnownFileType = sourcecode.c.objc; path = TCMusicSelectedModel.m; sourceTree = "<group>"; };
		40AF725F247F4F7A00EBB371 /* TCMusicSelectCell.h */ = {isa = PBXFileReference; lastKnownFileType = sourcecode.c.h; path = TCMusicSelectCell.h; sourceTree = "<group>"; };
		40AF7260247F4F7A00EBB371 /* TCMusicSelectCell.m */ = {isa = PBXFileReference; lastKnownFileType = sourcecode.c.objc; path = TCMusicSelectCell.m; sourceTree = "<group>"; };
		40D08703249C9C130055F9A6 /* Accelerate.framework */ = {isa = PBXFileReference; lastKnownFileType = wrapper.framework; name = Accelerate.framework; path = System/Library/Frameworks/Accelerate.framework; sourceTree = SDKROOT; };
		40D08706249C9D460055F9A6 /* AssetsLibrary.framework */ = {isa = PBXFileReference; lastKnownFileType = wrapper.framework; name = AssetsLibrary.framework; path = System/Library/Frameworks/AssetsLibrary.framework; sourceTree = SDKROOT; };
		40E25F85248029F5005EB543 /* ASMASLayoutConstraint.m */ = {isa = PBXFileReference; fileEncoding = 4; lastKnownFileType = sourcecode.c.objc; path = ASMASLayoutConstraint.m; sourceTree = "<group>"; };
		40E25F86248029F5005EB543 /* ASMasonry.h */ = {isa = PBXFileReference; fileEncoding = 4; lastKnownFileType = sourcecode.c.h; path = ASMasonry.h; sourceTree = "<group>"; };
		40E25F87248029F6005EB543 /* ASMASConstraint.h */ = {isa = PBXFileReference; fileEncoding = 4; lastKnownFileType = sourcecode.c.h; path = ASMASConstraint.h; sourceTree = "<group>"; };
		40E25F88248029F6005EB543 /* ASView+MASAdditions.m */ = {isa = PBXFileReference; fileEncoding = 4; lastKnownFileType = sourcecode.c.objc; path = "ASView+MASAdditions.m"; sourceTree = "<group>"; };
		40E25F89248029F6005EB543 /* ASNSArray+MASShorthandAdditions.h */ = {isa = PBXFileReference; fileEncoding = 4; lastKnownFileType = sourcecode.c.h; path = "ASNSArray+MASShorthandAdditions.h"; sourceTree = "<group>"; };
		40E25F8A248029F6005EB543 /* ASMASViewAttribute.h */ = {isa = PBXFileReference; fileEncoding = 4; lastKnownFileType = sourcecode.c.h; path = ASMASViewAttribute.h; sourceTree = "<group>"; };
		40E25F8B248029F6005EB543 /* ASMASViewAttribute.m */ = {isa = PBXFileReference; fileEncoding = 4; lastKnownFileType = sourcecode.c.objc; path = ASMASViewAttribute.m; sourceTree = "<group>"; };
		40E25F8C248029F6005EB543 /* ASMASConstraint.m */ = {isa = PBXFileReference; fileEncoding = 4; lastKnownFileType = sourcecode.c.objc; path = ASMASConstraint.m; sourceTree = "<group>"; };
		40E25F8D248029F6005EB543 /* ASMASCompositeConstraint.h */ = {isa = PBXFileReference; fileEncoding = 4; lastKnownFileType = sourcecode.c.h; path = ASMASCompositeConstraint.h; sourceTree = "<group>"; };
		40E25F8E248029F6005EB543 /* ASMASConstraintMaker.h */ = {isa = PBXFileReference; fileEncoding = 4; lastKnownFileType = sourcecode.c.h; path = ASMASConstraintMaker.h; sourceTree = "<group>"; };
		40E25F8F248029F6005EB543 /* ASView+MASShorthandAdditions.h */ = {isa = PBXFileReference; fileEncoding = 4; lastKnownFileType = sourcecode.c.h; path = "ASView+MASShorthandAdditions.h"; sourceTree = "<group>"; };
		40E25F90248029F6005EB543 /* ASMASUtilities.h */ = {isa = PBXFileReference; fileEncoding = 4; lastKnownFileType = sourcecode.c.h; path = ASMASUtilities.h; sourceTree = "<group>"; };
		40E25F91248029F6005EB543 /* ASNSArray+MASAdditions.h */ = {isa = PBXFileReference; fileEncoding = 4; lastKnownFileType = sourcecode.c.h; path = "ASNSArray+MASAdditions.h"; sourceTree = "<group>"; };
		40E25F92248029F7005EB543 /* ASViewController+MASAdditions.m */ = {isa = PBXFileReference; fileEncoding = 4; lastKnownFileType = sourcecode.c.objc; path = "ASViewController+MASAdditions.m"; sourceTree = "<group>"; };
		40E25F93248029F7005EB543 /* ASMASViewConstraint.m */ = {isa = PBXFileReference; fileEncoding = 4; lastKnownFileType = sourcecode.c.objc; path = ASMASViewConstraint.m; sourceTree = "<group>"; };
		40E25F94248029F7005EB543 /* ASMASCompositeConstraint.m */ = {isa = PBXFileReference; fileEncoding = 4; lastKnownFileType = sourcecode.c.objc; path = ASMASCompositeConstraint.m; sourceTree = "<group>"; };
		40E25F95248029F7005EB543 /* ASMASViewConstraint.h */ = {isa = PBXFileReference; fileEncoding = 4; lastKnownFileType = sourcecode.c.h; path = ASMASViewConstraint.h; sourceTree = "<group>"; };
		40E25F96248029F7005EB543 /* ASNSArray+MASAdditions.m */ = {isa = PBXFileReference; fileEncoding = 4; lastKnownFileType = sourcecode.c.objc; path = "ASNSArray+MASAdditions.m"; sourceTree = "<group>"; };
		40E25F97248029F7005EB543 /* ASMASConstraintMaker.m */ = {isa = PBXFileReference; fileEncoding = 4; lastKnownFileType = sourcecode.c.objc; path = ASMASConstraintMaker.m; sourceTree = "<group>"; };
		40E25F98248029F7005EB543 /* ASView+MASAdditions.h */ = {isa = PBXFileReference; fileEncoding = 4; lastKnownFileType = sourcecode.c.h; path = "ASView+MASAdditions.h"; sourceTree = "<group>"; };
		40E25F99248029F8005EB543 /* ASMASConstraint+Private.h */ = {isa = PBXFileReference; fileEncoding = 4; lastKnownFileType = sourcecode.c.h; path = "ASMASConstraint+Private.h"; sourceTree = "<group>"; };
		40E25F9A248029F8005EB543 /* ASNSLayoutConstraint+MASDebugAdditions.h */ = {isa = PBXFileReference; fileEncoding = 4; lastKnownFileType = sourcecode.c.h; path = "ASNSLayoutConstraint+MASDebugAdditions.h"; sourceTree = "<group>"; };
		40E25F9B248029F8005EB543 /* ASMASLayoutConstraint.h */ = {isa = PBXFileReference; fileEncoding = 4; lastKnownFileType = sourcecode.c.h; path = ASMASLayoutConstraint.h; sourceTree = "<group>"; };
		40E25F9C248029F8005EB543 /* ASViewController+MASAdditions.h */ = {isa = PBXFileReference; fileEncoding = 4; lastKnownFileType = sourcecode.c.h; path = "ASViewController+MASAdditions.h"; sourceTree = "<group>"; };
		40E25F9D248029F8005EB543 /* ASNSLayoutConstraint+MASDebugAdditions.m */ = {isa = PBXFileReference; fileEncoding = 4; lastKnownFileType = sourcecode.c.objc; path = "ASNSLayoutConstraint+MASDebugAdditions.m"; sourceTree = "<group>"; };
/* End PBXFileReference section */

/* Begin PBXFrameworksBuildPhase section */
		40AF7197247D036200EBB371 /* Frameworks */ = {
			isa = PBXFrameworksBuildPhase;
			buildActionMask = 2147483647;
			files = (
				40D08705249C9CF20055F9A6 /* Accelerate.framework in Frameworks */,
				40E25FBE24804490005EB543 /* BuildFile in Frameworks */,
				40E25FB924803F68005EB543 /* libc++.tbd in Frameworks */,
				40D08707249C9D460055F9A6 /* AssetsLibrary.framework in Frameworks */,
				DB9BC079B300BFD0740764BA /* TXLiteAVSDK_TRTC.framework in Frameworks */,
			);
			runOnlyForDeploymentPostprocessing = 0;
		};
/* End PBXFrameworksBuildPhase section */

/* Begin PBXGroup section */
		40AF7190247D036200EBB371 = {
			isa = PBXGroup;
			children = (
				40AF719C247D036200EBB371 /* AudioSettingKit */,
				40AF71BE247D040200EBB371 /* Frameworks */,
				40AF719B247D036200EBB371 /* Products */,
				40AF71A5247D03B500EBB371 /* Resource */,
				40AF71CA247D08F700EBB371 /* TCAudioSettingKitResources */,
			);
			sourceTree = "<group>";
		};
		40AF719B247D036200EBB371 /* Products */ = {
			isa = PBXGroup;
			children = (
				40AF719A247D036200EBB371 /* AudioEffectSettingKit.framework */,
				40AF71C9247D08F700EBB371 /* AudioEffectSettingKitResources.bundle */,
			);
			name = Products;
			sourceTree = "<group>";
		};
		40AF719C247D036200EBB371 /* AudioSettingKit */ = {
			isa = PBXGroup;
			children = (
				40AF719D247D036200EBB371 /* AudioEffectSettingKit.h */,
				40AF719E247D036200EBB371 /* Info.plist */,
				40AF71C4247D07E900EBB371 /* AudioEffectSettingKit.modulemap */,
				40AF7220247DFDCE00EBB371 /* Tool */,
				40AF71D7247D0E3700EBB371 /* Dependencies */,
				40AF71D1247D096200EBB371 /* View */,
				40AF71D0247D095800EBB371 /* Model */,
				40AF71CF247D094E00EBB371 /* Interfaces */,
			);
			path = AudioSettingKit;
			sourceTree = "<group>";
		};
		40AF71A5247D03B500EBB371 /* Resource */ = {
			isa = PBXGroup;
			children = (
				40AF7216247D157400EBB371 /* AudioSettingPanelLocalizable.strings */,
				40AF7248247E40EE00EBB371 /* TCAudioSettingKit.xcassets */,
			);
			path = Resource;
			sourceTree = "<group>";
		};
		40AF71BE247D040200EBB371 /* Frameworks */ = {
			isa = PBXGroup;
			children = (
				40D08706249C9D460055F9A6 /* AssetsLibrary.framework */,
				40D08703249C9C130055F9A6 /* Accelerate.framework */,
				401A9A47247FB78F00C0763B /* libc++.tbd */,
				347D4E0405A4213A665C541C /* TXLiteAVSDK_TRTC.framework */,
			);
			name = Frameworks;
			sourceTree = "<group>";
		};
		40AF71CA247D08F700EBB371 /* TCAudioSettingKitResources */ = {
			isa = PBXGroup;
			children = (
				40AF71CB247D08F700EBB371 /* Info.plist */,
			);
			path = TCAudioSettingKitResources;
			sourceTree = "<group>";
		};
		40AF71CF247D094E00EBB371 /* Interfaces */ = {
			isa = PBXGroup;
			children = (
			);
			path = Interfaces;
			sourceTree = "<group>";
		};
		40AF71D0247D095800EBB371 /* Model */ = {
			isa = PBXGroup;
			children = (
				40AF723D247E23F600EBB371 /* ViewModel */,
				40AF720D247D150500EBB371 /* Theme */,
				401A9A40247FACAF00C0763B /* TCAudioSettingManager.h */,
				401A9A41247FACAF00C0763B /* TCAudioSettingManager.m */,
			);
			path = Model;
			sourceTree = "<group>";
		};
		40AF71D1247D096200EBB371 /* View */ = {
			isa = PBXGroup;
			children = (
				40AF71D6247D0A1C00EBB371 /* CommonView */,
				40AF71D2247D09DB00EBB371 /* AudioEffectSettingView.h */,
				40AF71D3247D09DB00EBB371 /* AudioEffectSettingView.m */,
			);
			path = View;
			sourceTree = "<group>";
		};
		40AF71D6247D0A1C00EBB371 /* CommonView */ = {
			isa = PBXGroup;
			children = (
				40AF722C247E039C00EBB371 /* TCMusicSelectItemView.h */,
				40AF722D247E039C00EBB371 /* TCMusicSelectItemView.m */,
				40AF7231247E0CE400EBB371 /* TCSlideItemView.h */,
				40AF7232247E0CE400EBB371 /* TCSlideItemView.m */,
				40AF7235247E19C200EBB371 /* TCAudioScrollMenuView.h */,
				40AF7236247E19C200EBB371 /* TCAudioScrollMenuView.m */,
				40AF7239247E216100EBB371 /* TCAudioScrollerMenuCell.h */,
				40AF723A247E216100EBB371 /* TCAudioScrollerMenuCell.m */,
				40AF724A247E501000EBB371 /* TCMusicSelectView.h */,
				40AF724B247E501000EBB371 /* TCMusicSelectView.m */,
				40AF725F247F4F7A00EBB371 /* TCMusicSelectCell.h */,
				40AF7260247F4F7A00EBB371 /* TCMusicSelectCell.m */,
			);
			path = CommonView;
			sourceTree = "<group>";
		};
		40AF71D7247D0E3700EBB371 /* Dependencies */ = {
			isa = PBXGroup;
			children = (
				40AF71D8247D0E5B00EBB371 /* Masonry */,
			);
			path = Dependencies;
			sourceTree = "<group>";
		};
		40AF71D8247D0E5B00EBB371 /* Masonry */ = {
			isa = PBXGroup;
			children = (
				40E25F8D248029F6005EB543 /* ASMASCompositeConstraint.h */,
				40E25F94248029F7005EB543 /* ASMASCompositeConstraint.m */,
				40E25F87248029F6005EB543 /* ASMASConstraint.h */,
				40E25F8C248029F6005EB543 /* ASMASConstraint.m */,
				40E25F99248029F8005EB543 /* ASMASConstraint+Private.h */,
				40E25F8E248029F6005EB543 /* ASMASConstraintMaker.h */,
				40E25F97248029F7005EB543 /* ASMASConstraintMaker.m */,
				40E25F9B248029F8005EB543 /* ASMASLayoutConstraint.h */,
				40E25F85248029F5005EB543 /* ASMASLayoutConstraint.m */,
				40E25F86248029F5005EB543 /* ASMasonry.h */,
				40E25F90248029F6005EB543 /* ASMASUtilities.h */,
				40E25F8A248029F6005EB543 /* ASMASViewAttribute.h */,
				40E25F8B248029F6005EB543 /* ASMASViewAttribute.m */,
				40E25F95248029F7005EB543 /* ASMASViewConstraint.h */,
				40E25F93248029F7005EB543 /* ASMASViewConstraint.m */,
				40E25F91248029F6005EB543 /* ASNSArray+MASAdditions.h */,
				40E25F96248029F7005EB543 /* ASNSArray+MASAdditions.m */,
				40E25F89248029F6005EB543 /* ASNSArray+MASShorthandAdditions.h */,
				40E25F9A248029F8005EB543 /* ASNSLayoutConstraint+MASDebugAdditions.h */,
				40E25F9D248029F8005EB543 /* ASNSLayoutConstraint+MASDebugAdditions.m */,
				40E25F98248029F7005EB543 /* ASView+MASAdditions.h */,
				40E25F88248029F6005EB543 /* ASView+MASAdditions.m */,
				40E25F8F248029F6005EB543 /* ASView+MASShorthandAdditions.h */,
				40E25F9C248029F8005EB543 /* ASViewController+MASAdditions.h */,
				40E25F92248029F7005EB543 /* ASViewController+MASAdditions.m */,
				40AF71F2247D0E5B00EBB371 /* Info.plist */,
			);
			path = Masonry;
			sourceTree = "<group>";
		};
		40AF720D247D150500EBB371 /* Theme */ = {
			isa = PBXGroup;
			children = (
				40AF720E247D154C00EBB371 /* TCASKitTheme.h */,
				40AF720F247D154C00EBB371 /* TCASKitTheme.m */,
			);
			path = Theme;
			sourceTree = "<group>";
		};
		40AF7220247DFDCE00EBB371 /* Tool */ = {
			isa = PBXGroup;
			children = (
				40AF7221247DFDEB00EBB371 /* TCCommonTool.h */,
				40AF722F247E054900EBB371 /* TCAudioSettingPrefixHeader.pch */,
			);
			path = Tool;
			sourceTree = "<group>";
		};
		40AF723D247E23F600EBB371 /* ViewModel */ = {
			isa = PBXGroup;
			children = (
				40AF723E247E241D00EBB371 /* TCAudioScrollMenuCellModel.h */,
				40AF723F247E241D00EBB371 /* TCAudioScrollMenuCellModel.m */,
				40AF7244247E3BF300EBB371 /* AudioEffectSettingViewModel.h */,
				40AF7245247E3BF300EBB371 /* AudioEffectSettingViewModel.m */,
				40AF725B247F4D0C00EBB371 /* TCMusicSelectedModel.h */,
				40AF725C247F4D0C00EBB371 /* TCMusicSelectedModel.m */,
			);
			path = ViewModel;
			sourceTree = "<group>";
		};
/* End PBXGroup section */

/* Begin PBXHeadersBuildPhase section */
		40AF7195247D036200EBB371 /* Headers */ = {
			isa = PBXHeadersBuildPhase;
			buildActionMask = 2147483647;
			files = (
				40AF7233247E0CE500EBB371 /* TCSlideItemView.h in Headers */,
				40E25FA0248029F8005EB543 /* ASMASConstraint.h in Headers */,
				40AF7210247D154C00EBB371 /* TCASKitTheme.h in Headers */,
				40E25FB3248029F8005EB543 /* ASNSLayoutConstraint+MASDebugAdditions.h in Headers */,
				40AF725D247F4D0C00EBB371 /* TCMusicSelectedModel.h in Headers */,
				40AF723B247E216100EBB371 /* TCAudioScrollerMenuCell.h in Headers */,
				40AF7261247F4F7A00EBB371 /* TCMusicSelectCell.h in Headers */,
				40AF7246247E3BF300EBB371 /* AudioEffectSettingViewModel.h in Headers */,
				40AF7240247E241D00EBB371 /* TCAudioScrollMenuCellModel.h in Headers */,
				40E25FA7248029F8005EB543 /* ASMASConstraintMaker.h in Headers */,
				40E25FB1248029F8005EB543 /* ASView+MASAdditions.h in Headers */,
				401A9A42247FACAF00C0763B /* TCAudioSettingManager.h in Headers */,
				40AF71D4247D09DB00EBB371 /* AudioEffectSettingView.h in Headers */,
				40E25FB5248029F8005EB543 /* ASViewController+MASAdditions.h in Headers */,
				40E25FA6248029F8005EB543 /* ASMASCompositeConstraint.h in Headers */,
				40AF719F247D036200EBB371 /* AudioEffectSettingKit.h in Headers */,
				40E25FA8248029F8005EB543 /* ASView+MASShorthandAdditions.h in Headers */,
				40E25FB2248029F8005EB543 /* ASMASConstraint+Private.h in Headers */,
				40E25FAA248029F8005EB543 /* ASNSArray+MASAdditions.h in Headers */,
				40E25FA2248029F8005EB543 /* ASNSArray+MASShorthandAdditions.h in Headers */,
				40E25FAE248029F8005EB543 /* ASMASViewConstraint.h in Headers */,
				40AF7237247E19C200EBB371 /* TCAudioScrollMenuView.h in Headers */,
				40E25FB4248029F8005EB543 /* ASMASLayoutConstraint.h in Headers */,
				40E25F9F248029F8005EB543 /* ASMasonry.h in Headers */,
				40E25FA3248029F8005EB543 /* ASMASViewAttribute.h in Headers */,
				40AF7222247DFE9800EBB371 /* TCCommonTool.h in Headers */,
				40E25FA9248029F8005EB543 /* ASMASUtilities.h in Headers */,
			);
			runOnlyForDeploymentPostprocessing = 0;
		};
/* End PBXHeadersBuildPhase section */

/* Begin PBXNativeTarget section */
		40AF7199247D036200EBB371 /* AudioEffectSettingKit */ = {
			isa = PBXNativeTarget;
			buildConfigurationList = 40AF71A2247D036200EBB371 /* Build configuration list for PBXNativeTarget "AudioEffectSettingKit" */;
			buildPhases = (
				40AF7195247D036200EBB371 /* Headers */,
				40AF7196247D036200EBB371 /* Sources */,
				40AF7197247D036200EBB371 /* Frameworks */,
				40AF7198247D036200EBB371 /* Resources */,
			);
			buildRules = (
			);
			dependencies = (
			);
			name = AudioEffectSettingKit;
			productName = AudioSettingKit;
			productReference = 40AF719A247D036200EBB371 /* AudioEffectSettingKit.framework */;
			productType = "com.apple.product-type.framework";
		};
		40AF71C8247D08F700EBB371 /* AudioEffectSettingKitResources */ = {
			isa = PBXNativeTarget;
			buildConfigurationList = 40AF71CC247D08F700EBB371 /* Build configuration list for PBXNativeTarget "AudioEffectSettingKitResources" */;
			buildPhases = (
				40AF71C7247D08F700EBB371 /* Resources */,
			);
			buildRules = (
			);
			dependencies = (
			);
			name = AudioEffectSettingKitResources;
			productName = TCAudioSettingKitResources;
			productReference = 40AF71C9247D08F700EBB371 /* AudioEffectSettingKitResources.bundle */;
			productType = "com.apple.product-type.bundle";
		};
/* End PBXNativeTarget section */

/* Begin PBXProject section */
		40AF7191247D036200EBB371 /* Project object */ = {
			isa = PBXProject;
			attributes = {
				LastSwiftUpdateCheck = 1140;
				LastUpgradeCheck = 1140;
				ORGANIZATIONNAME = tencent;
				TargetAttributes = {
					40AF7199247D036200EBB371 = {
						CreatedOnToolsVersion = 11.4.1;
					};
					40AF71C8247D08F700EBB371 = {
						CreatedOnToolsVersion = 11.4.1;
					};
				};
			};
			buildConfigurationList = 40AF7194247D036200EBB371 /* Build configuration list for PBXProject "AudioEffectSettingKit" */;
			compatibilityVersion = "Xcode 9.3";
			developmentRegion = en;
			hasScannedForEncodings = 0;
			knownRegions = (
				en,
				Base,
				"zh-Hans",
			);
			mainGroup = 40AF7190247D036200EBB371;
			productRefGroup = 40AF719B247D036200EBB371 /* Products */;
			projectDirPath = "";
			projectRoot = "";
			targets = (
				40AF7199247D036200EBB371 /* AudioEffectSettingKit */,
				40AF71C8247D08F700EBB371 /* AudioEffectSettingKitResources */,
			);
		};
/* End PBXProject section */

/* Begin PBXResourcesBuildPhase section */
		40AF7198247D036200EBB371 /* Resources */ = {
			isa = PBXResourcesBuildPhase;
			buildActionMask = 2147483647;
			files = (
			);
			runOnlyForDeploymentPostprocessing = 0;
		};
		40AF71C7247D08F700EBB371 /* Resources */ = {
			isa = PBXResourcesBuildPhase;
			buildActionMask = 2147483647;
			files = (
				40AF7214247D157400EBB371 /* AudioSettingPanelLocalizable.strings in Resources */,
				40AF7249247E40EE00EBB371 /* TCAudioSettingKit.xcassets in Resources */,
			);
			runOnlyForDeploymentPostprocessing = 0;
		};
/* End PBXResourcesBuildPhase section */

/* Begin PBXSourcesBuildPhase section */
		40AF7196247D036200EBB371 /* Sources */ = {
			isa = PBXSourcesBuildPhase;
			buildActionMask = 2147483647;
			files = (
				40AF7234247E0CE500EBB371 /* TCSlideItemView.m in Sources */,
				40AF725E247F4D0C00EBB371 /* TCMusicSelectedModel.m in Sources */,
				40E25FA1248029F8005EB543 /* ASView+MASAdditions.m in Sources */,
				40E25FB0248029F8005EB543 /* ASMASConstraintMaker.m in Sources */,
				401A9A43247FACAF00C0763B /* TCAudioSettingManager.m in Sources */,
				40AF7241247E241D00EBB371 /* TCAudioScrollMenuCellModel.m in Sources */,
				40AF7262247F4F7A00EBB371 /* TCMusicSelectCell.m in Sources */,
				40E25FA5248029F8005EB543 /* ASMASConstraint.m in Sources */,
				40AF7247247E3BF300EBB371 /* AudioEffectSettingViewModel.m in Sources */,
				40E25FAB248029F8005EB543 /* ASViewController+MASAdditions.m in Sources */,
				40AF71D5247D09DB00EBB371 /* AudioEffectSettingView.m in Sources */,
				40E25FAF248029F8005EB543 /* ASNSArray+MASAdditions.m in Sources */,
				40AF723C247E216100EBB371 /* TCAudioScrollerMenuCell.m in Sources */,
				40E25FAD248029F8005EB543 /* ASMASCompositeConstraint.m in Sources */,
				40AF7230247E068300EBB371 /* TCMusicSelectItemView.m in Sources */,
				40E25FB6248029F8005EB543 /* ASNSLayoutConstraint+MASDebugAdditions.m in Sources */,
				40E25F9E248029F8005EB543 /* ASMASLayoutConstraint.m in Sources */,
				40AF7238247E19C200EBB371 /* TCAudioScrollMenuView.m in Sources */,
				40E25FA4248029F8005EB543 /* ASMASViewAttribute.m in Sources */,
				40AF724D247E501500EBB371 /* TCMusicSelectView.m in Sources */,
				40AF7211247D154C00EBB371 /* TCASKitTheme.m in Sources */,
				40E25FAC248029F8005EB543 /* ASMASViewConstraint.m in Sources */,
			);
			runOnlyForDeploymentPostprocessing = 0;
		};
/* End PBXSourcesBuildPhase section */

/* Begin PBXVariantGroup section */
		40AF7216247D157400EBB371 /* AudioSettingPanelLocalizable.strings */ = {
			isa = PBXVariantGroup;
			children = (
				40AF7215247D157400EBB371 /* en */,
				40AF7217247D15B700EBB371 /* zh-Hans */,
			);
			name = AudioSettingPanelLocalizable.strings;
			sourceTree = "<group>";
		};
/* End PBXVariantGroup section */

/* Begin XCBuildConfiguration section */
		40AF71A0247D036200EBB371 /* Debug */ = {
			isa = XCBuildConfiguration;
			buildSettings = {
				ALWAYS_SEARCH_USER_PATHS = NO;
				CLANG_ANALYZER_LOCALIZABILITY_NONLOCALIZED = YES;
				CLANG_ANALYZER_NONNULL = YES;
				CLANG_ANALYZER_NUMBER_OBJECT_CONVERSION = YES_AGGRESSIVE;
				CLANG_CXX_LANGUAGE_STANDARD = "gnu++14";
				CLANG_CXX_LIBRARY = "libc++";
				CLANG_ENABLE_MODULES = YES;
				CLANG_ENABLE_OBJC_ARC = YES;
				CLANG_ENABLE_OBJC_WEAK = YES;
				CLANG_WARN_BLOCK_CAPTURE_AUTORELEASING = YES;
				CLANG_WARN_BOOL_CONVERSION = YES;
				CLANG_WARN_COMMA = YES;
				CLANG_WARN_CONSTANT_CONVERSION = YES;
				CLANG_WARN_DEPRECATED_OBJC_IMPLEMENTATIONS = YES;
				CLANG_WARN_DIRECT_OBJC_ISA_USAGE = YES_ERROR;
				CLANG_WARN_DOCUMENTATION_COMMENTS = YES;
				CLANG_WARN_EMPTY_BODY = YES;
				CLANG_WARN_ENUM_CONVERSION = YES;
				CLANG_WARN_INFINITE_RECURSION = YES;
				CLANG_WARN_INT_CONVERSION = YES;
				CLANG_WARN_NON_LITERAL_NULL_CONVERSION = YES;
				CLANG_WARN_OBJC_IMPLICIT_RETAIN_SELF = YES;
				CLANG_WARN_OBJC_LITERAL_CONVERSION = YES;
				CLANG_WARN_OBJC_ROOT_CLASS = YES_ERROR;
				CLANG_WARN_RANGE_LOOP_ANALYSIS = YES;
				CLANG_WARN_STRICT_PROTOTYPES = YES;
				CLANG_WARN_SUSPICIOUS_MOVE = YES;
				CLANG_WARN_UNGUARDED_AVAILABILITY = YES_AGGRESSIVE;
				CLANG_WARN_UNREACHABLE_CODE = YES;
				CLANG_WARN__DUPLICATE_METHOD_MATCH = YES;
				COPY_PHASE_STRIP = NO;
				CURRENT_PROJECT_VERSION = 1;
				DEBUG_INFORMATION_FORMAT = dwarf;
				ENABLE_STRICT_OBJC_MSGSEND = YES;
				ENABLE_TESTABILITY = YES;
				GCC_C_LANGUAGE_STANDARD = gnu11;
				GCC_DYNAMIC_NO_PIC = NO;
				GCC_NO_COMMON_BLOCKS = YES;
				GCC_OPTIMIZATION_LEVEL = 0;
				GCC_PREPROCESSOR_DEFINITIONS = (
					"DEBUG=1",
					"$(inherited)",
				);
				GCC_WARN_64_TO_32_BIT_CONVERSION = YES;
				GCC_WARN_ABOUT_RETURN_TYPE = YES_ERROR;
				GCC_WARN_UNDECLARED_SELECTOR = YES;
				GCC_WARN_UNINITIALIZED_AUTOS = YES_AGGRESSIVE;
				GCC_WARN_UNUSED_FUNCTION = YES;
				GCC_WARN_UNUSED_VARIABLE = YES;
				IPHONEOS_DEPLOYMENT_TARGET = 13.4;
				MTL_ENABLE_DEBUG_INFO = INCLUDE_SOURCE;
				MTL_FAST_MATH = YES;
				ONLY_ACTIVE_ARCH = YES;
				SDKROOT = iphoneos;
				VERSIONING_SYSTEM = "apple-generic";
				VERSION_INFO_PREFIX = "";
			};
			name = Debug;
		};
		40AF71A1247D036200EBB371 /* Release */ = {
			isa = XCBuildConfiguration;
			buildSettings = {
				ALWAYS_SEARCH_USER_PATHS = NO;
				CLANG_ANALYZER_LOCALIZABILITY_NONLOCALIZED = YES;
				CLANG_ANALYZER_NONNULL = YES;
				CLANG_ANALYZER_NUMBER_OBJECT_CONVERSION = YES_AGGRESSIVE;
				CLANG_CXX_LANGUAGE_STANDARD = "gnu++14";
				CLANG_CXX_LIBRARY = "libc++";
				CLANG_ENABLE_MODULES = YES;
				CLANG_ENABLE_OBJC_ARC = YES;
				CLANG_ENABLE_OBJC_WEAK = YES;
				CLANG_WARN_BLOCK_CAPTURE_AUTORELEASING = YES;
				CLANG_WARN_BOOL_CONVERSION = YES;
				CLANG_WARN_COMMA = YES;
				CLANG_WARN_CONSTANT_CONVERSION = YES;
				CLANG_WARN_DEPRECATED_OBJC_IMPLEMENTATIONS = YES;
				CLANG_WARN_DIRECT_OBJC_ISA_USAGE = YES_ERROR;
				CLANG_WARN_DOCUMENTATION_COMMENTS = YES;
				CLANG_WARN_EMPTY_BODY = YES;
				CLANG_WARN_ENUM_CONVERSION = YES;
				CLANG_WARN_INFINITE_RECURSION = YES;
				CLANG_WARN_INT_CONVERSION = YES;
				CLANG_WARN_NON_LITERAL_NULL_CONVERSION = YES;
				CLANG_WARN_OBJC_IMPLICIT_RETAIN_SELF = YES;
				CLANG_WARN_OBJC_LITERAL_CONVERSION = YES;
				CLANG_WARN_OBJC_ROOT_CLASS = YES_ERROR;
				CLANG_WARN_RANGE_LOOP_ANALYSIS = YES;
				CLANG_WARN_STRICT_PROTOTYPES = YES;
				CLANG_WARN_SUSPICIOUS_MOVE = YES;
				CLANG_WARN_UNGUARDED_AVAILABILITY = YES_AGGRESSIVE;
				CLANG_WARN_UNREACHABLE_CODE = YES;
				CLANG_WARN__DUPLICATE_METHOD_MATCH = YES;
				COPY_PHASE_STRIP = NO;
				CURRENT_PROJECT_VERSION = 1;
				DEBUG_INFORMATION_FORMAT = "dwarf-with-dsym";
				ENABLE_NS_ASSERTIONS = NO;
				ENABLE_STRICT_OBJC_MSGSEND = YES;
				GCC_C_LANGUAGE_STANDARD = gnu11;
				GCC_NO_COMMON_BLOCKS = YES;
				GCC_WARN_64_TO_32_BIT_CONVERSION = YES;
				GCC_WARN_ABOUT_RETURN_TYPE = YES_ERROR;
				GCC_WARN_UNDECLARED_SELECTOR = YES;
				GCC_WARN_UNINITIALIZED_AUTOS = YES_AGGRESSIVE;
				GCC_WARN_UNUSED_FUNCTION = YES;
				GCC_WARN_UNUSED_VARIABLE = YES;
				IPHONEOS_DEPLOYMENT_TARGET = 13.4;
				MTL_ENABLE_DEBUG_INFO = NO;
				MTL_FAST_MATH = YES;
				SDKROOT = iphoneos;
				VALIDATE_PRODUCT = YES;
				VERSIONING_SYSTEM = "apple-generic";
				VERSION_INFO_PREFIX = "";
			};
			name = Release;
		};
		40AF71A3247D036200EBB371 /* Debug */ = {
			isa = XCBuildConfiguration;
			buildSettings = {
				CODE_SIGN_IDENTITY = "Apple Development";
				CODE_SIGN_STYLE = Manual;
				DEFINES_MODULE = YES;
				DEVELOPMENT_TEAM = "";
				DYLIB_COMPATIBILITY_VERSION = 1;
				DYLIB_CURRENT_VERSION = 1;
				DYLIB_INSTALL_NAME_BASE = "@rpath";
				ENABLE_BITCODE = NO;
				FRAMEWORK_SEARCH_PATHS = "${SRCROOT}/../../../SDK/";
				GCC_PRECOMPILE_PREFIX_HEADER = YES;
				GCC_PREFIX_HEADER = "${SRCROOT}/AudioSettingKit/Tool/TCAudioSettingPrefixHeader.pch";
				HEADER_SEARCH_PATHS = (
					"${SRCROOT}/../../../SDK/TXLiteAVSDK_Enterprise.framework/Headers/",
					"${SRCROOT}/../XiaoZhiBoApp/Framework/TXLiteAVSDK_Professional.framework/Headers/",
					"${SRCROOT}/../../../SDK/TXLiteAVSDK_Professional.framework/Headers/",
					"$(CONFIGURATION_BUILD_DIR)/TXLiteAVSDK_Professional.framework/Headers/",
					"${SRCROOT}/../../../SDK/TXLiteAVSDK_International.framework/Headers/",
					"$(CONFIGURATION_BUILD_DIR)/TXLiteAVSDK_International.framework/Headers/",
					"$(SRCROOT)/../../../SDK/TXLiteAVSDK_TRTC.framework/Headers",
					"$(CONFIGURATION_BUILD_DIR)/TXLiteAVSDK_TRTC.framework/Headers",
				);
				INFOPLIST_FILE = AudioSettingKit/Info.plist;
				INSTALL_PATH = "$(LOCAL_LIBRARY_DIR)/Frameworks";
				IPHONEOS_DEPLOYMENT_TARGET = 9.0;
				LD_RUNPATH_SEARCH_PATHS = (
					"$(inherited)",
					"@executable_path/Frameworks",
					"@loader_path/Frameworks",
				);
				MACH_O_TYPE = staticlib;
				MODULEMAP_FILE = "${SRCROOT}/AudioSettingKit/AudioEffectSettingKit.modulemap";
				PRODUCT_BUNDLE_IDENTIFIER = com.tencent.AudioSettingKit;
				PRODUCT_NAME = "$(TARGET_NAME:c99extidentifier)";
				PROVISIONING_PROFILE_SPECIFIER = "";
				SKIP_INSTALL = YES;
				SUPPORTS_MACCATALYST = NO;
				TARGETED_DEVICE_FAMILY = 1;
			};
			name = Debug;
		};
		40AF71A4247D036200EBB371 /* Release */ = {
			isa = XCBuildConfiguration;
			buildSettings = {
				CODE_SIGN_IDENTITY = "Apple Development";
				CODE_SIGN_STYLE = Manual;
				DEFINES_MODULE = YES;
				DEVELOPMENT_TEAM = "";
				DYLIB_COMPATIBILITY_VERSION = 1;
				DYLIB_CURRENT_VERSION = 1;
				DYLIB_INSTALL_NAME_BASE = "@rpath";
				ENABLE_BITCODE = NO;
				FRAMEWORK_SEARCH_PATHS = "${SRCROOT}/../../../SDK/";
				GCC_PRECOMPILE_PREFIX_HEADER = YES;
				GCC_PREFIX_HEADER = "${SRCROOT}/AudioSettingKit/Tool/TCAudioSettingPrefixHeader.pch";
				HEADER_SEARCH_PATHS = (
					"${SRCROOT}/../XiaoZhiBoApp/Framework/TXLiteAVSDK_Professional.framework/Headers/",
					"$(CONFIGURATION_BUILD_DIR)/TXLiteAVSDK_Professional.framework/Headers/",
					"${SRCROOT}/../../../SDK/TXLiteAVSDK_Professional.framework/Headers/",
					"${SRCROOT}/../../../SDK/TXLiteAVSDK_International.framework/Headers/",
					"$(CONFIGURATION_BUILD_DIR)/TXLiteAVSDK_International.framework/Headers/",
					"$(SRCROOT)/../../../SDK/TXLiteAVSDK_TRTC.framework/Headers",
					"(CONFIGURATION_BUILD_DIR)/TXLiteAVSDK_TRTC.framework/Headers",
				);
				INFOPLIST_FILE = AudioSettingKit/Info.plist;
				INSTALL_PATH = "$(LOCAL_LIBRARY_DIR)/Frameworks";
				IPHONEOS_DEPLOYMENT_TARGET = 9.0;
				LD_RUNPATH_SEARCH_PATHS = (
					"$(inherited)",
					"@executable_path/Frameworks",
					"@loader_path/Frameworks",
				);
				MACH_O_TYPE = staticlib;
				MODULEMAP_FILE = "${SRCROOT}/AudioSettingKit/AudioEffectSettingKit.modulemap";
				PRODUCT_BUNDLE_IDENTIFIER = com.tencent.AudioSettingKit;
				PRODUCT_NAME = "$(TARGET_NAME:c99extidentifier)";
				PROVISIONING_PROFILE_SPECIFIER = "";
				SKIP_INSTALL = YES;
				SUPPORTS_MACCATALYST = NO;
				TARGETED_DEVICE_FAMILY = 1;
			};
			name = Release;
		};
		40AF71CD247D08F700EBB371 /* Debug */ = {
			isa = XCBuildConfiguration;
			buildSettings = {
				CODE_SIGN_IDENTITY = "Apple Development";
				"CODE_SIGN_IDENTITY[sdk=macosx*]" = "Apple Development";
				CODE_SIGN_STYLE = Automatic;
				COMBINE_HIDPI_IMAGES = YES;
				DEVELOPMENT_TEAM = "";
				ENABLE_BITCODE = NO;
				INFOPLIST_FILE = TCAudioSettingKitResources/Info.plist;
				INSTALL_PATH = "$(LOCAL_LIBRARY_DIR)/Bundles";
				IPHONEOS_DEPLOYMENT_TARGET = 9.0;
				MACOSX_DEPLOYMENT_TARGET = 10.15;
				PRODUCT_BUNDLE_IDENTIFIER = com.tencent.TCAudioSettingKitResources;
				PRODUCT_NAME = "$(TARGET_NAME)";
				PROVISIONING_PROFILE_SPECIFIER = "";
				"PROVISIONING_PROFILE_SPECIFIER[sdk=macosx*]" = "";
				SDKROOT = iphoneos;
				SKIP_INSTALL = YES;
				WRAPPER_EXTENSION = bundle;
			};
			name = Debug;
		};
		40AF71CE247D08F700EBB371 /* Release */ = {
			isa = XCBuildConfiguration;
			buildSettings = {
				CODE_SIGN_IDENTITY = "Apple Development";
				"CODE_SIGN_IDENTITY[sdk=macosx*]" = "Apple Development";
				CODE_SIGN_STYLE = Automatic;
				COMBINE_HIDPI_IMAGES = YES;
				DEVELOPMENT_TEAM = "";
				ENABLE_BITCODE = NO;
				INFOPLIST_FILE = TCAudioSettingKitResources/Info.plist;
				INSTALL_PATH = "$(LOCAL_LIBRARY_DIR)/Bundles";
				IPHONEOS_DEPLOYMENT_TARGET = 9.0;
				MACOSX_DEPLOYMENT_TARGET = 10.15;
				PRODUCT_BUNDLE_IDENTIFIER = com.tencent.TCAudioSettingKitResources;
				PRODUCT_NAME = "$(TARGET_NAME)";
				PROVISIONING_PROFILE_SPECIFIER = "";
				"PROVISIONING_PROFILE_SPECIFIER[sdk=macosx*]" = "";
				SDKROOT = iphoneos;
				SKIP_INSTALL = YES;
				WRAPPER_EXTENSION = bundle;
			};
			name = Release;
		};
/* End XCBuildConfiguration section */

/* Begin XCConfigurationList section */
		40AF7194247D036200EBB371 /* Build configuration list for PBXProject "AudioEffectSettingKit" */ = {
			isa = XCConfigurationList;
			buildConfigurations = (
				40AF71A0247D036200EBB371 /* Debug */,
				40AF71A1247D036200EBB371 /* Release */,
			);
			defaultConfigurationIsVisible = 0;
			defaultConfigurationName = Release;
		};
		40AF71A2247D036200EBB371 /* Build configuration list for PBXNativeTarget "AudioEffectSettingKit" */ = {
			isa = XCConfigurationList;
			buildConfigurations = (
				40AF71A3247D036200EBB371 /* Debug */,
				40AF71A4247D036200EBB371 /* Release */,
			);
			defaultConfigurationIsVisible = 0;
			defaultConfigurationName = Release;
		};
		40AF71CC247D08F700EBB371 /* Build configuration list for PBXNativeTarget "AudioEffectSettingKitResources" */ = {
			isa = XCConfigurationList;
			buildConfigurations = (
				40AF71CD247D08F700EBB371 /* Debug */,
				40AF71CE247D08F700EBB371 /* Release */,
			);
			defaultConfigurationIsVisible = 0;
			defaultConfigurationName = Release;
		};
/* End XCConfigurationList section */
	};
	rootObject = 40AF7191247D036200EBB371 /* Project object */;
}
