<?xml version="1.0" encoding="UTF-8"?>
<Scheme
   LastUpgradeVersion = "1130"
   version = "1.7">
   <BuildAction
      parallelizeBuildables = "YES"
      buildImplicitDependencies = "YES">
      <PreActions>
         <ExecutionAction
            ActionType = "Xcode.IDEStandardExecutionActionsCore.ExecutionActionType.ShellScriptAction">
            <ActionContent
               title = "Run Script"
               scriptText = "# Type a script or drag a script file from your workspace to insert its path.&#10;cd ${SRCROOT}&#10;WORK_DIR=$(pwd)&#10;&#10;if [ ! -e &quot;../SDK&quot; ]; then&#10;mkdir ../SDK&#10;fi&#10;&#10;if [ ! -e &quot;../SDK/TXLiteAVSDK_TRTC_Mac.framework&quot; ] || [ ! -e &quot;./Pods&quot; ]; then&#10;URL=&quot;https://liteav.sdk.qcloud.com/download/latest/TXLiteAVSDK_TRTC_Mac_latest.tar.bz2&quot;&#10;echo &quot;Downloading SDK from $URL&quot;&#10;curl &quot;$URL&quot; --output ../SDK/TXLiteAVSDK_TRTC_Mac.tar.bz2&#10;&#10;cd ../SDK&#10;if [ -e result ] ;then&#10;rm -r result&#10;fi&#10;mkdir result&#10;&#10;tar -xjf TXLiteAVSDK_TRTC_Mac.tar.bz2&#10;mv TXLiteAVSDK_TRTC_*/SDK/*.framework result/&#10;mv TXLiteAVSDK_TRTC_*/TRTCSimpleDemo/Pods result/&#10;rm -rf __MACOSX&#10;rm -rf TXLiteAVSDK_TRTC_*&#10;&#10;if [ ! -e &quot;TXLiteAVSDK_TRTC_Mac.framework&quot; ]; then&#10;echo &quot;move TXLiteAVSDK_TRTC_Mac.framework&quot;&#10;mv result/*.framework .&#10;fi&#10;if [ ! -e &quot;../TRTCSimpleDemo/Pods&quot; ]; then&#10;echo &quot;copy Pods&quot;&#10;mv result/Pods ../TRTCSimpleDemo/&#10;xcodebuild -project ../TRTCSimpleDemo/Pods/Pods.xcodeproj -configuration ${CONFIGURATION}&#10;fi&#10;rm -rf result&#10;fi&#10;">
               <EnvironmentBuildable>
                  <BuildableReference
                     BuildableIdentifier = "primary"
                     BlueprintIdentifier = "FDB2247E241F365C00E99DE2"
                     BuildableName = "TRTCSimpleDemo.app"
                     BlueprintName = "TRTCSimpleDemo"
                     ReferencedContainer = "container:TRTCSimpleDemo.xcodeproj">
                  </BuildableReference>
               </EnvironmentBuildable>
            </ActionContent>
         </ExecutionAction>
      </PreActions>
      <BuildActionEntries>
         <BuildActionEntry
            buildForTesting = "YES"
            buildForRunning = "YES"
            buildForProfiling = "YES"
            buildForArchiving = "YES"
            buildForAnalyzing = "YES">
            <BuildableReference
               BuildableIdentifier = "primary"
               BlueprintIdentifier = "FDB2247E241F365C00E99DE2"
               BuildableName = "TRTCSimpleDemo.app"
               BlueprintName = "TRTCSimpleDemo"
               ReferencedContainer = "container:TRTCSimpleDemo.xcodeproj">
            </BuildableReference>
         </BuildActionEntry>
      </BuildActionEntries>
   </BuildAction>
   <TestAction
      buildConfiguration = "Debug"
      selectedDebuggerIdentifier = "Xcode.DebuggerFoundation.Debugger.LLDB"
      selectedLauncherIdentifier = "Xcode.DebuggerFoundation.Launcher.LLDB"
      shouldUseLaunchSchemeArgsEnv = "YES">
      <Testables>
      </Testables>
   </TestAction>
   <LaunchAction
      buildConfiguration = "Debug"
      selectedDebuggerIdentifier = "Xcode.DebuggerFoundation.Debugger.LLDB"
      selectedLauncherIdentifier = "Xcode.DebuggerFoundation.Launcher.LLDB"
      launchStyle = "0"
      useCustomWorkingDirectory = "NO"
      ignoresPersistentStateOnLaunch = "NO"
      debugDocumentVersioning = "YES"
      debugServiceExtension = "internal"
      allowLocationSimulation = "YES">
      <BuildableProductRunnable
         runnableDebuggingMode = "0">
         <BuildableReference
            BuildableIdentifier = "primary"
            BlueprintIdentifier = "FDB2247E241F365C00E99DE2"
            BuildableName = "TRTCSimpleDemo.app"
            BlueprintName = "TRTCSimpleDemo"
            ReferencedContainer = "container:TRTCSimpleDemo.xcodeproj">
         </BuildableReference>
      </BuildableProductRunnable>
   </LaunchAction>
   <ProfileAction
      buildConfiguration = "Release"
      shouldUseLaunchSchemeArgsEnv = "YES"
      savedToolIdentifier = ""
      useCustomWorkingDirectory = "NO"
      debugDocumentVersioning = "YES">
      <BuildableProductRunnable
         runnableDebuggingMode = "0">
         <BuildableReference
            BuildableIdentifier = "primary"
            BlueprintIdentifier = "FDB2247E241F365C00E99DE2"
            BuildableName = "TRTCSimpleDemo.app"
            BlueprintName = "TRTCSimpleDemo"
            ReferencedContainer = "container:TRTCSimpleDemo.xcodeproj">
         </BuildableReference>
      </BuildableProductRunnable>
   </ProfileAction>
   <AnalyzeAction
      buildConfiguration = "Debug">
   </AnalyzeAction>
   <ArchiveAction
      buildConfiguration = "Release"
      revealArchiveInOrganizer = "YES">
   </ArchiveAction>
</Scheme>
